// !$*UTF8*$!
{
	archiveVersion = 1;
	classes = {
	};
	objectVersion = 45;
	objects = {

/* Begin PBXBuildFile section */
		7C7222AD2499487513EA75D6 /* btKinematicCharacterController.cpp in Sources */ = {isa = PBXBuildFile; fileRef = 694E2BE60C627EA87A150C8E /* btKinematicCharacterController.cpp */; };
		1BFF29910FBD7E6A66EC3EC8 /* btConeTwistConstraint.cpp in Sources */ = {isa = PBXBuildFile; fileRef = 15CD4C5A68DB2FF240744100 /* btConeTwistConstraint.cpp */; };
		5D7C292D58BB776326E05957 /* btContactConstraint.cpp in Sources */ = {isa = PBXBuildFile; fileRef = 4D4974BA60EB00A82F7B6974 /* btContactConstraint.cpp */; };
		4D1405B87CB555FA2F701FD1 /* btFixedConstraint.cpp in Sources */ = {isa = PBXBuildFile; fileRef = 10143DB74F7F559735740A62 /* btFixedConstraint.cpp */; };
		504046EE4426294A5EC911F6 /* btGearConstraint.cpp in Sources */ = {isa = PBXBuildFile; fileRef = 47000E883B0B6BEE115C50F4 /* btGearConstraint.cpp */; };
		2CF50AA3653B2C4904E036E1 /* btGeneric6DofConstraint.cpp in Sources */ = {isa = PBXBuildFile; fileRef = 25C46A6F3527305D698816C6 /* btGeneric6DofConstraint.cpp */; };
		29215F711E672CE649A515A7 /* btGeneric6DofSpring2Constraint.cpp in Sources */ = {isa = PBXBuildFile; fileRef = 03157B64128237B413B41912 /* btGeneric6DofSpring2Constraint.cpp */; };
		2A440EB452A045975B3F23FE /* btGeneric6DofSpringConstraint.cpp in Sources */ = {isa = PBXBuildFile; fileRef = 2F0F127B540810D070854455 /* btGeneric6DofSpringConstraint.cpp */; };
		0FDE5ECD01E9168443A11257 /* btHinge2Constraint.cpp in Sources */ = {isa = PBXBuildFile; fileRef = 157F709E3A23528525D41C99 /* btHinge2Constraint.cpp */; };
		337B791B07FF253E141E53ED /* btHingeConstraint.cpp in Sources */ = {isa = PBXBuildFile; fileRef = 5B4203F813831E353D991D66 /* btHingeConstraint.cpp */; };
		7C906CE27059764610C45F0E /* btNNCGConstraintSolver.cpp in Sources */ = {isa = PBXBuildFile; fileRef = 2E9D706E76083983599D7A64 /* btNNCGConstraintSolver.cpp */; };
		5DF532CB651901D55B3068E2 /* btPoint2PointConstraint.cpp in Sources */ = {isa = PBXBuildFile; fileRef = 3B82630B1CD859EB6A380860 /* btPoint2PointConstraint.cpp */; };
		4B7E55AC37A87A807C2425A3 /* btSequentialImpulseConstraintSolver.cpp in Sources */ = {isa = PBXBuildFile; fileRef = 057A169314AC328E3A2F1D4D /* btSequentialImpulseConstraintSolver.cpp */; };
		0F694B385D84422E067D1813 /* btSliderConstraint.cpp in Sources */ = {isa = PBXBuildFile; fileRef = 383F35545457500646A24D7E /* btSliderConstraint.cpp */; };
		4F65035B62737CDA55BE58FD /* btSolve2LinearConstraint.cpp in Sources */ = {isa = PBXBuildFile; fileRef = 572D734806F6363A517E5664 /* btSolve2LinearConstraint.cpp */; };
		26403A8F30EF374E06696549 /* btTypedConstraint.cpp in Sources */ = {isa = PBXBuildFile; fileRef = 321A685951AD46BC78783AF6 /* btTypedConstraint.cpp */; };
		760F70920A7C5412139409A8 /* btUniversalConstraint.cpp in Sources */ = {isa = PBXBuildFile; fileRef = 08A468A80CF67EF527415BF0 /* btUniversalConstraint.cpp */; };
		266E2AC710915483651A1286 /* btDiscreteDynamicsWorld.cpp in Sources */ = {isa = PBXBuildFile; fileRef = 3F950501074E188B5984212B /* btDiscreteDynamicsWorld.cpp */; };
		6A1923E129EF38D67576283F /* btRigidBody.cpp in Sources */ = {isa = PBXBuildFile; fileRef = 48380E8A41C459F05BD31904 /* btRigidBody.cpp */; };
		70016AE445C72E6B77DD5C35 /* btSimpleDynamicsWorld.cpp in Sources */ = {isa = PBXBuildFile; fileRef = 68F40FA008D653FD367F672F /* btSimpleDynamicsWorld.cpp */; };
		4FB5277E4E3462CF45923369 /* btMultiBody.cpp in Sources */ = {isa = PBXBuildFile; fileRef = 2C4502AC1C5B348306832A41 /* btMultiBody.cpp */; };
		509B1AA43197703D6695737E /* btMultiBodyConstraint.cpp in Sources */ = {isa = PBXBuildFile; fileRef = 17440DE2755527101E693690 /* btMultiBodyConstraint.cpp */; };
		1EB84F86077341A63A7C61C3 /* btMultiBodyConstraintSolver.cpp in Sources */ = {isa = PBXBuildFile; fileRef = 681224812157113344DC73F2 /* btMultiBodyConstraintSolver.cpp */; };
		1B5C3EF43D230539715A0A67 /* btMultiBodyDynamicsWorld.cpp in Sources */ = {isa = PBXBuildFile; fileRef = 27FB635C5F596CB625300011 /* btMultiBodyDynamicsWorld.cpp */; };
		7295389340E3169F480B5357 /* btMultiBodyJointLimitConstraint.cpp in Sources */ = {isa = PBXBuildFile; fileRef = 5F202E345B48749E44237C6F /* btMultiBodyJointLimitConstraint.cpp */; };
		347B1CA722E174674D6214A4 /* btMultiBodyJointMotor.cpp in Sources */ = {isa = PBXBuildFile; fileRef = 34122FB74A9B20E13C037CDB /* btMultiBodyJointMotor.cpp */; };
		0BA66E115B6A11733C302F8D /* btMultiBodyPoint2Point.cpp in Sources */ = {isa = PBXBuildFile; fileRef = 78D50EBD3593497138820367 /* btMultiBodyPoint2Point.cpp */; };
		41196D91756D0792185918C1 /* btDantzigLCP.cpp in Sources */ = {isa = PBXBuildFile; fileRef = 2A141D8112924F3D6CF70A4A /* btDantzigLCP.cpp */; };
		2D44658529CD62953F97108A /* btLemkeAlgorithm.cpp in Sources */ = {isa = PBXBuildFile; fileRef = 18C831C12B8C03D9534F27F2 /* btLemkeAlgorithm.cpp */; };
		1C383CF924BD143C08235992 /* btMLCPSolver.cpp in Sources */ = {isa = PBXBuildFile; fileRef = 4BBA61F814C722896D644301 /* btMLCPSolver.cpp */; };
		44A94DB2752212CA2DDD2508 /* btRaycastVehicle.cpp in Sources */ = {isa = PBXBuildFile; fileRef = 5A713BE22DD73AC100325629 /* btRaycastVehicle.cpp */; };
		027902466FFB75066D3B761D /* btWheelInfo.cpp in Sources */ = {isa = PBXBuildFile; fileRef = 196B431127FF069C0F72202F /* btWheelInfo.cpp */; };
/* End PBXBuildFile section */

/* Begin PBXFileReference section */
		798B1E685AE0404656747CDC /* btCharacterControllerInterface.h */ = {isa = PBXFileReference; lastKnownFileType = sourcecode.c.h; name = "btCharacterControllerInterface.h"; path = "../../src/BulletDynamics/Character/btCharacterControllerInterface.h"; sourceTree = "<group>"; };
		694E2BE60C627EA87A150C8E /* btKinematicCharacterController.cpp */ = {isa = PBXFileReference; lastKnownFileType = sourcecode.cpp.cpp; name = "btKinematicCharacterController.cpp"; path = "../../src/BulletDynamics/Character/btKinematicCharacterController.cpp"; sourceTree = "<group>"; };
		42077A1533D637FB66663FDD /* btKinematicCharacterController.h */ = {isa = PBXFileReference; lastKnownFileType = sourcecode.c.h; name = "btKinematicCharacterController.h"; path = "../../src/BulletDynamics/Character/btKinematicCharacterController.h"; sourceTree = "<group>"; };
		15CD4C5A68DB2FF240744100 /* btConeTwistConstraint.cpp */ = {isa = PBXFileReference; lastKnownFileType = sourcecode.cpp.cpp; name = "btConeTwistConstraint.cpp"; path = "../../src/BulletDynamics/ConstraintSolver/btConeTwistConstraint.cpp"; sourceTree = "<group>"; };
		47A67E796EC648DA168C50D7 /* btConeTwistConstraint.h */ = {isa = PBXFileReference; lastKnownFileType = sourcecode.c.h; name = "btConeTwistConstraint.h"; path = "../../src/BulletDynamics/ConstraintSolver/btConeTwistConstraint.h"; sourceTree = "<group>"; };
		7404649F21454A9640F67366 /* btConstraintSolver.h */ = {isa = PBXFileReference; lastKnownFileType = sourcecode.c.h; name = "btConstraintSolver.h"; path = "../../src/BulletDynamics/ConstraintSolver/btConstraintSolver.h"; sourceTree = "<group>"; };
		4D4974BA60EB00A82F7B6974 /* btContactConstraint.cpp */ = {isa = PBXFileReference; lastKnownFileType = sourcecode.cpp.cpp; name = "btContactConstraint.cpp"; path = "../../src/BulletDynamics/ConstraintSolver/btContactConstraint.cpp"; sourceTree = "<group>"; };
		62A96D2741257E1A686009FB /* btContactConstraint.h */ = {isa = PBXFileReference; lastKnownFileType = sourcecode.c.h; name = "btContactConstraint.h"; path = "../../src/BulletDynamics/ConstraintSolver/btContactConstraint.h"; sourceTree = "<group>"; };
		6A4D10210F2C2D015B3E5B6D /* btContactSolverInfo.h */ = {isa = PBXFileReference; lastKnownFileType = sourcecode.c.h; name = "btContactSolverInfo.h"; path = "../../src/BulletDynamics/ConstraintSolver/btContactSolverInfo.h"; sourceTree = "<group>"; };
		10143DB74F7F559735740A62 /* btFixedConstraint.cpp */ = {isa = PBXFileReference; lastKnownFileType = sourcecode.cpp.cpp; name = "btFixedConstraint.cpp"; path = "../../src/BulletDynamics/ConstraintSolver/btFixedConstraint.cpp"; sourceTree = "<group>"; };
		72521FA117393C317482371E /* btFixedConstraint.h */ = {isa = PBXFileReference; lastKnownFileType = sourcecode.c.h; name = "btFixedConstraint.h"; path = "../../src/BulletDynamics/ConstraintSolver/btFixedConstraint.h"; sourceTree = "<group>"; };
		47000E883B0B6BEE115C50F4 /* btGearConstraint.cpp */ = {isa = PBXFileReference; lastKnownFileType = sourcecode.cpp.cpp; name = "btGearConstraint.cpp"; path = "../../src/BulletDynamics/ConstraintSolver/btGearConstraint.cpp"; sourceTree = "<group>"; };
		4B2914EF7C37198E41683D91 /* btGearConstraint.h */ = {isa = PBXFileReference; lastKnownFileType = sourcecode.c.h; name = "btGearConstraint.h"; path = "../../src/BulletDynamics/ConstraintSolver/btGearConstraint.h"; sourceTree = "<group>"; };
		25C46A6F3527305D698816C6 /* btGeneric6DofConstraint.cpp */ = {isa = PBXFileReference; lastKnownFileType = sourcecode.cpp.cpp; name = "btGeneric6DofConstraint.cpp"; path = "../../src/BulletDynamics/ConstraintSolver/btGeneric6DofConstraint.cpp"; sourceTree = "<group>"; };
		73B66A2135FB210D695C4C78 /* btGeneric6DofConstraint.h */ = {isa = PBXFileReference; lastKnownFileType = sourcecode.c.h; name = "btGeneric6DofConstraint.h"; path = "../../src/BulletDynamics/ConstraintSolver/btGeneric6DofConstraint.h"; sourceTree = "<group>"; };
		03157B64128237B413B41912 /* btGeneric6DofSpring2Constraint.cpp */ = {isa = PBXFileReference; lastKnownFileType = sourcecode.cpp.cpp; name = "btGeneric6DofSpring2Constraint.cpp"; path = "../../src/BulletDynamics/ConstraintSolver/btGeneric6DofSpring2Constraint.cpp"; sourceTree = "<group>"; };
		1D243C341B057DF63F255296 /* btGeneric6DofSpring2Constraint.h */ = {isa = PBXFileReference; lastKnownFileType = sourcecode.c.h; name = "btGeneric6DofSpring2Constraint.h"; path = "../../src/BulletDynamics/ConstraintSolver/btGeneric6DofSpring2Constraint.h"; sourceTree = "<group>"; };
		2F0F127B540810D070854455 /* btGeneric6DofSpringConstraint.cpp */ = {isa = PBXFileReference; lastKnownFileType = sourcecode.cpp.cpp; name = "btGeneric6DofSpringConstraint.cpp"; path = "../../src/BulletDynamics/ConstraintSolver/btGeneric6DofSpringConstraint.cpp"; sourceTree = "<group>"; };
		085C607878C154EE5CF76103 /* btGeneric6DofSpringConstraint.h */ = {isa = PBXFileReference; lastKnownFileType = sourcecode.c.h; name = "btGeneric6DofSpringConstraint.h"; path = "../../src/BulletDynamics/ConstraintSolver/btGeneric6DofSpringConstraint.h"; sourceTree = "<group>"; };
		157F709E3A23528525D41C99 /* btHinge2Constraint.cpp */ = {isa = PBXFileReference; lastKnownFileType = sourcecode.cpp.cpp; name = "btHinge2Constraint.cpp"; path = "../../src/BulletDynamics/ConstraintSolver/btHinge2Constraint.cpp"; sourceTree = "<group>"; };
		22D75AE46BDD2EE426CD5D96 /* btHinge2Constraint.h */ = {isa = PBXFileReference; lastKnownFileType = sourcecode.c.h; name = "btHinge2Constraint.h"; path = "../../src/BulletDynamics/ConstraintSolver/btHinge2Constraint.h"; sourceTree = "<group>"; };
		5B4203F813831E353D991D66 /* btHingeConstraint.cpp */ = {isa = PBXFileReference; lastKnownFileType = sourcecode.cpp.cpp; name = "btHingeConstraint.cpp"; path = "../../src/BulletDynamics/ConstraintSolver/btHingeConstraint.cpp"; sourceTree = "<group>"; };
		71BD4FF15C6651DC6D5F0AC2 /* btHingeConstraint.h */ = {isa = PBXFileReference; lastKnownFileType = sourcecode.c.h; name = "btHingeConstraint.h"; path = "../../src/BulletDynamics/ConstraintSolver/btHingeConstraint.h"; sourceTree = "<group>"; };
		572F6A60657A67456644166C /* btJacobianEntry.h */ = {isa = PBXFileReference; lastKnownFileType = sourcecode.c.h; name = "btJacobianEntry.h"; path = "../../src/BulletDynamics/ConstraintSolver/btJacobianEntry.h"; sourceTree = "<group>"; };
		2E9D706E76083983599D7A64 /* btNNCGConstraintSolver.cpp */ = {isa = PBXFileReference; lastKnownFileType = sourcecode.cpp.cpp; name = "btNNCGConstraintSolver.cpp"; path = "../../src/BulletDynamics/ConstraintSolver/btNNCGConstraintSolver.cpp"; sourceTree = "<group>"; };
		37F62D5131BE62D663652C5B /* btNNCGConstraintSolver.h */ = {isa = PBXFileReference; lastKnownFileType = sourcecode.c.h; name = "btNNCGConstraintSolver.h"; path = "../../src/BulletDynamics/ConstraintSolver/btNNCGConstraintSolver.h"; sourceTree = "<group>"; };
		3B82630B1CD859EB6A380860 /* btPoint2PointConstraint.cpp */ = {isa = PBXFileReference; lastKnownFileType = sourcecode.cpp.cpp; name = "btPoint2PointConstraint.cpp"; path = "../../src/BulletDynamics/ConstraintSolver/btPoint2PointConstraint.cpp"; sourceTree = "<group>"; };
		0C5C07CF3E4675D77C7E618F /* btPoint2PointConstraint.h */ = {isa = PBXFileReference; lastKnownFileType = sourcecode.c.h; name = "btPoint2PointConstraint.h"; path = "../../src/BulletDynamics/ConstraintSolver/btPoint2PointConstraint.h"; sourceTree = "<group>"; };
		057A169314AC328E3A2F1D4D /* btSequentialImpulseConstraintSolver.cpp */ = {isa = PBXFileReference; lastKnownFileType = sourcecode.cpp.cpp; name = "btSequentialImpulseConstraintSolver.cpp"; path = "../../src/BulletDynamics/ConstraintSolver/btSequentialImpulseConstraintSolver.cpp"; sourceTree = "<group>"; };
		793C5E5E0FDC650A0FBC2F8A /* btSequentialImpulseConstraintSolver.h */ = {isa = PBXFileReference; lastKnownFileType = sourcecode.c.h; name = "btSequentialImpulseConstraintSolver.h"; path = "../../src/BulletDynamics/ConstraintSolver/btSequentialImpulseConstraintSolver.h"; sourceTree = "<group>"; };
		383F35545457500646A24D7E /* btSliderConstraint.cpp */ = {isa = PBXFileReference; lastKnownFileType = sourcecode.cpp.cpp; name = "btSliderConstraint.cpp"; path = "../../src/BulletDynamics/ConstraintSolver/btSliderConstraint.cpp"; sourceTree = "<group>"; };
		45515A735BF6275B53F44535 /* btSliderConstraint.h */ = {isa = PBXFileReference; lastKnownFileType = sourcecode.c.h; name = "btSliderConstraint.h"; path = "../../src/BulletDynamics/ConstraintSolver/btSliderConstraint.h"; sourceTree = "<group>"; };
		572D734806F6363A517E5664 /* btSolve2LinearConstraint.cpp */ = {isa = PBXFileReference; lastKnownFileType = sourcecode.cpp.cpp; name = "btSolve2LinearConstraint.cpp"; path = "../../src/BulletDynamics/ConstraintSolver/btSolve2LinearConstraint.cpp"; sourceTree = "<group>"; };
		56AD2EE767491872206968DD /* btSolve2LinearConstraint.h */ = {isa = PBXFileReference; lastKnownFileType = sourcecode.c.h; name = "btSolve2LinearConstraint.h"; path = "../../src/BulletDynamics/ConstraintSolver/btSolve2LinearConstraint.h"; sourceTree = "<group>"; };
		1F7E2F1475412F4E3EA43942 /* btSolverBody.h */ = {isa = PBXFileReference; lastKnownFileType = sourcecode.c.h; name = "btSolverBody.h"; path = "../../src/BulletDynamics/ConstraintSolver/btSolverBody.h"; sourceTree = "<group>"; };
		39F108DB698B463229F932EE /* btSolverConstraint.h */ = {isa = PBXFileReference; lastKnownFileType = sourcecode.c.h; name = "btSolverConstraint.h"; path = "../../src/BulletDynamics/ConstraintSolver/btSolverConstraint.h"; sourceTree = "<group>"; };
		321A685951AD46BC78783AF6 /* btTypedConstraint.cpp */ = {isa = PBXFileReference; lastKnownFileType = sourcecode.cpp.cpp; name = "btTypedConstraint.cpp"; path = "../../src/BulletDynamics/ConstraintSolver/btTypedConstraint.cpp"; sourceTree = "<group>"; };
		446C35691A6B215F220E7BC9 /* btTypedConstraint.h */ = {isa = PBXFileReference; lastKnownFileType = sourcecode.c.h; name = "btTypedConstraint.h"; path = "../../src/BulletDynamics/ConstraintSolver/btTypedConstraint.h"; sourceTree = "<group>"; };
		08A468A80CF67EF527415BF0 /* btUniversalConstraint.cpp */ = {isa = PBXFileReference; lastKnownFileType = sourcecode.cpp.cpp; name = "btUniversalConstraint.cpp"; path = "../../src/BulletDynamics/ConstraintSolver/btUniversalConstraint.cpp"; sourceTree = "<group>"; };
		27AB51B77AC462BC51E05281 /* btUniversalConstraint.h */ = {isa = PBXFileReference; lastKnownFileType = sourcecode.c.h; name = "btUniversalConstraint.h"; path = "../../src/BulletDynamics/ConstraintSolver/btUniversalConstraint.h"; sourceTree = "<group>"; };
		17DC0E94390C68BE3D3D0A39 /* btActionInterface.h */ = {isa = PBXFileReference; lastKnownFileType = sourcecode.c.h; name = "btActionInterface.h"; path = "../../src/BulletDynamics/Dynamics/btActionInterface.h"; sourceTree = "<group>"; };
		3F950501074E188B5984212B /* btDiscreteDynamicsWorld.cpp */ = {isa = PBXFileReference; lastKnownFileType = sourcecode.cpp.cpp; name = "btDiscreteDynamicsWorld.cpp"; path = "../../src/BulletDynamics/Dynamics/btDiscreteDynamicsWorld.cpp"; sourceTree = "<group>"; };
		543D1CFE056C0C101C776FA1 /* btDiscreteDynamicsWorld.h */ = {isa = PBXFileReference; lastKnownFileType = sourcecode.c.h; name = "btDiscreteDynamicsWorld.h"; path = "../../src/BulletDynamics/Dynamics/btDiscreteDynamicsWorld.h"; sourceTree = "<group>"; };
		4981475B61F26D705BA34CFE /* btDynamicsWorld.h */ = {isa = PBXFileReference; lastKnownFileType = sourcecode.c.h; name = "btDynamicsWorld.h"; path = "../../src/BulletDynamics/Dynamics/btDynamicsWorld.h"; sourceTree = "<group>"; };
		48380E8A41C459F05BD31904 /* btRigidBody.cpp */ = {isa = PBXFileReference; lastKnownFileType = sourcecode.cpp.cpp; name = "btRigidBody.cpp"; path = "../../src/BulletDynamics/Dynamics/btRigidBody.cpp"; sourceTree = "<group>"; };
		6E9A6FEA2C2950A126451B12 /* btRigidBody.h */ = {isa = PBXFileReference; lastKnownFileType = sourcecode.c.h; name = "btRigidBody.h"; path = "../../src/BulletDynamics/Dynamics/btRigidBody.h"; sourceTree = "<group>"; };
		68F40FA008D653FD367F672F /* btSimpleDynamicsWorld.cpp */ = {isa = PBXFileReference; lastKnownFileType = sourcecode.cpp.cpp; name = "btSimpleDynamicsWorld.cpp"; path = "../../src/BulletDynamics/Dynamics/btSimpleDynamicsWorld.cpp"; sourceTree = "<group>"; };
		49EC391E75953B1568316E68 /* btSimpleDynamicsWorld.h */ = {isa = PBXFileReference; lastKnownFileType = sourcecode.c.h; name = "btSimpleDynamicsWorld.h"; path = "../../src/BulletDynamics/Dynamics/btSimpleDynamicsWorld.h"; sourceTree = "<group>"; };
		2C4502AC1C5B348306832A41 /* btMultiBody.cpp */ = {isa = PBXFileReference; lastKnownFileType = sourcecode.cpp.cpp; name = "btMultiBody.cpp"; path = "../../src/BulletDynamics/Featherstone/btMultiBody.cpp"; sourceTree = "<group>"; };
		3B2E7ED234216D1515AC6B76 /* btMultiBody.h */ = {isa = PBXFileReference; lastKnownFileType = sourcecode.c.h; name = "btMultiBody.h"; path = "../../src/BulletDynamics/Featherstone/btMultiBody.h"; sourceTree = "<group>"; };
		17440DE2755527101E693690 /* btMultiBodyConstraint.cpp */ = {isa = PBXFileReference; lastKnownFileType = sourcecode.cpp.cpp; name = "btMultiBodyConstraint.cpp"; path = "../../src/BulletDynamics/Featherstone/btMultiBodyConstraint.cpp"; sourceTree = "<group>"; };
		617C1E49666931122FD81C2F /* btMultiBodyConstraint.h */ = {isa = PBXFileReference; lastKnownFileType = sourcecode.c.h; name = "btMultiBodyConstraint.h"; path = "../../src/BulletDynamics/Featherstone/btMultiBodyConstraint.h"; sourceTree = "<group>"; };
		681224812157113344DC73F2 /* btMultiBodyConstraintSolver.cpp */ = {isa = PBXFileReference; lastKnownFileType = sourcecode.cpp.cpp; name = "btMultiBodyConstraintSolver.cpp"; path = "../../src/BulletDynamics/Featherstone/btMultiBodyConstraintSolver.cpp"; sourceTree = "<group>"; };
		672555242ECE76B662286BF8 /* btMultiBodyConstraintSolver.h */ = {isa = PBXFileReference; lastKnownFileType = sourcecode.c.h; name = "btMultiBodyConstraintSolver.h"; path = "../../src/BulletDynamics/Featherstone/btMultiBodyConstraintSolver.h"; sourceTree = "<group>"; };
		27FB635C5F596CB625300011 /* btMultiBodyDynamicsWorld.cpp */ = {isa = PBXFileReference; lastKnownFileType = sourcecode.cpp.cpp; name = "btMultiBodyDynamicsWorld.cpp"; path = "../../src/BulletDynamics/Featherstone/btMultiBodyDynamicsWorld.cpp"; sourceTree = "<group>"; };
		1B8F085923CD73EA3ED127FA /* btMultiBodyDynamicsWorld.h */ = {isa = PBXFileReference; lastKnownFileType = sourcecode.c.h; name = "btMultiBodyDynamicsWorld.h"; path = "../../src/BulletDynamics/Featherstone/btMultiBodyDynamicsWorld.h"; sourceTree = "<group>"; };
		49585AB263B912C404876BFD /* btMultiBodyJointFeedback.h */ = {isa = PBXFileReference; lastKnownFileType = sourcecode.c.h; name = "btMultiBodyJointFeedback.h"; path = "../../src/BulletDynamics/Featherstone/btMultiBodyJointFeedback.h"; sourceTree = "<group>"; };
		5F202E345B48749E44237C6F /* btMultiBodyJointLimitConstraint.cpp */ = {isa = PBXFileReference; lastKnownFileType = sourcecode.cpp.cpp; name = "btMultiBodyJointLimitConstraint.cpp"; path = "../../src/BulletDynamics/Featherstone/btMultiBodyJointLimitConstraint.cpp"; sourceTree = "<group>"; };
		33B9716E049646260F642758 /* btMultiBodyJointLimitConstraint.h */ = {isa = PBXFileReference; lastKnownFileType = sourcecode.c.h; name = "btMultiBodyJointLimitConstraint.h"; path = "../../src/BulletDynamics/Featherstone/btMultiBodyJointLimitConstraint.h"; sourceTree = "<group>"; };
		34122FB74A9B20E13C037CDB /* btMultiBodyJointMotor.cpp */ = {isa = PBXFileReference; lastKnownFileType = sourcecode.cpp.cpp; name = "btMultiBodyJointMotor.cpp"; path = "../../src/BulletDynamics/Featherstone/btMultiBodyJointMotor.cpp"; sourceTree = "<group>"; };
		219B071B275023325A9049B6 /* btMultiBodyJointMotor.h */ = {isa = PBXFileReference; lastKnownFileType = sourcecode.c.h; name = "btMultiBodyJointMotor.h"; path = "../../src/BulletDynamics/Featherstone/btMultiBodyJointMotor.h"; sourceTree = "<group>"; };
		70EB774628E5688235FE486F /* btMultiBodyLink.h */ = {isa = PBXFileReference; lastKnownFileType = sourcecode.c.h; name = "btMultiBodyLink.h"; path = "../../src/BulletDynamics/Featherstone/btMultiBodyLink.h"; sourceTree = "<group>"; };
		7917558A051F748F14617749 /* btMultiBodyLinkCollider.h */ = {isa = PBXFileReference; lastKnownFileType = sourcecode.c.h; name = "btMultiBodyLinkCollider.h"; path = "../../src/BulletDynamics/Featherstone/btMultiBodyLinkCollider.h"; sourceTree = "<group>"; };
		78D50EBD3593497138820367 /* btMultiBodyPoint2Point.cpp */ = {isa = PBXFileReference; lastKnownFileType = sourcecode.cpp.cpp; name = "btMultiBodyPoint2Point.cpp"; path = "../../src/BulletDynamics/Featherstone/btMultiBodyPoint2Point.cpp"; sourceTree = "<group>"; };
		729D5A773C8D72A748CA62DF /* btMultiBodyPoint2Point.h */ = {isa = PBXFileReference; lastKnownFileType = sourcecode.c.h; name = "btMultiBodyPoint2Point.h"; path = "../../src/BulletDynamics/Featherstone/btMultiBodyPoint2Point.h"; sourceTree = "<group>"; };
		26804A2F04586446637B3479 /* btMultiBodySolverConstraint.h */ = {isa = PBXFileReference; lastKnownFileType = sourcecode.c.h; name = "btMultiBodySolverConstraint.h"; path = "../../src/BulletDynamics/Featherstone/btMultiBodySolverConstraint.h"; sourceTree = "<group>"; };
		2A141D8112924F3D6CF70A4A /* btDantzigLCP.cpp */ = {isa = PBXFileReference; lastKnownFileType = sourcecode.cpp.cpp; name = "btDantzigLCP.cpp"; path = "../../src/BulletDynamics/MLCPSolvers/btDantzigLCP.cpp"; sourceTree = "<group>"; };
		61DA584947EB3E9C76A841E1 /* btDantzigLCP.h */ = {isa = PBXFileReference; lastKnownFileType = sourcecode.c.h; name = "btDantzigLCP.h"; path = "../../src/BulletDynamics/MLCPSolvers/btDantzigLCP.h"; sourceTree = "<group>"; };
		29A07CC041717CE94D450D21 /* btDantzigSolver.h */ = {isa = PBXFileReference; lastKnownFileType = sourcecode.c.h; name = "btDantzigSolver.h"; path = "../../src/BulletDynamics/MLCPSolvers/btDantzigSolver.h"; sourceTree = "<group>"; };
		18C831C12B8C03D9534F27F2 /* btLemkeAlgorithm.cpp */ = {isa = PBXFileReference; lastKnownFileType = sourcecode.cpp.cpp; name = "btLemkeAlgorithm.cpp"; path = "../../src/BulletDynamics/MLCPSolvers/btLemkeAlgorithm.cpp"; sourceTree = "<group>"; };
		7A503A8109C2342D100A16E3 /* btLemkeAlgorithm.h */ = {isa = PBXFileReference; lastKnownFileType = sourcecode.c.h; name = "btLemkeAlgorithm.h"; path = "../../src/BulletDynamics/MLCPSolvers/btLemkeAlgorithm.h"; sourceTree = "<group>"; };
		19126DA514E81316151131DD /* btLemkeSolver.h */ = {isa = PBXFileReference; lastKnownFileType = sourcecode.c.h; name = "btLemkeSolver.h"; path = "../../src/BulletDynamics/MLCPSolvers/btLemkeSolver.h"; sourceTree = "<group>"; };
		4BBA61F814C722896D644301 /* btMLCPSolver.cpp */ = {isa = PBXFileReference; lastKnownFileType = sourcecode.cpp.cpp; name = "btMLCPSolver.cpp"; path = "../../src/BulletDynamics/MLCPSolvers/btMLCPSolver.cpp"; sourceTree = "<group>"; };
		362C3F030B795F7855596F34 /* btMLCPSolver.h */ = {isa = PBXFileReference; lastKnownFileType = sourcecode.c.h; name = "btMLCPSolver.h"; path = "../../src/BulletDynamics/MLCPSolvers/btMLCPSolver.h"; sourceTree = "<group>"; };
		723F42C11FF9147F4E020CDC /* btMLCPSolverInterface.h */ = {isa = PBXFileReference; lastKnownFileType = sourcecode.c.h; name = "btMLCPSolverInterface.h"; path = "../../src/BulletDynamics/MLCPSolvers/btMLCPSolverInterface.h"; sourceTree = "<group>"; };
		617C1D1A294521021FEA3EA2 /* btPATHSolver.h */ = {isa = PBXFileReference; lastKnownFileType = sourcecode.c.h; name = "btPATHSolver.h"; path = "../../src/BulletDynamics/MLCPSolvers/btPATHSolver.h"; sourceTree = "<group>"; };
		006C56D76BD31A5F5D904D9D /* btSolveProjectedGaussSeidel.h */ = {isa = PBXFileReference; lastKnownFileType = sourcecode.c.h; name = "btSolveProjectedGaussSeidel.h"; path = "../../src/BulletDynamics/MLCPSolvers/btSolveProjectedGaussSeidel.h"; sourceTree = "<group>"; };
		5A713BE22DD73AC100325629 /* btRaycastVehicle.cpp */ = {isa = PBXFileReference; lastKnownFileType = sourcecode.cpp.cpp; name = "btRaycastVehicle.cpp"; path = "../../src/BulletDynamics/Vehicle/btRaycastVehicle.cpp"; sourceTree = "<group>"; };
		34073F0E47A06922642A0428 /* btRaycastVehicle.h */ = {isa = PBXFileReference; lastKnownFileType = sourcecode.c.h; name = "btRaycastVehicle.h"; path = "../../src/BulletDynamics/Vehicle/btRaycastVehicle.h"; sourceTree = "<group>"; };
		1F0924AA19EB3FEC548927FC /* btVehicleRaycaster.h */ = {isa = PBXFileReference; lastKnownFileType = sourcecode.c.h; name = "btVehicleRaycaster.h"; path = "../../src/BulletDynamics/Vehicle/btVehicleRaycaster.h"; sourceTree = "<group>"; };
		196B431127FF069C0F72202F /* btWheelInfo.cpp */ = {isa = PBXFileReference; lastKnownFileType = sourcecode.cpp.cpp; name = "btWheelInfo.cpp"; path = "../../src/BulletDynamics/Vehicle/btWheelInfo.cpp"; sourceTree = "<group>"; };
		7A47653859030E7D443C7BCB /* btWheelInfo.h */ = {isa = PBXFileReference; lastKnownFileType = sourcecode.c.h; name = "btWheelInfo.h"; path = "../../src/BulletDynamics/Vehicle/btWheelInfo.h"; sourceTree = "<group>"; };
		6F553A9E6CE764A8098A4D63 /* libBulletDynamics_xcode4_x64_release.a */ = {isa = PBXFileReference; explicitFileType = archive.ar; includeInIndex = 0; name = "libBulletDynamics_xcode4_x64_release.a"; path = "libBulletDynamics_xcode4_x64_release.a"; sourceTree = BUILT_PRODUCTS_DIR; };
/* End PBXFileReference section */

/* Begin PBXFrameworksBuildPhase section */
		106354F4197E4CAF7E0F1A74 /* Frameworks */ = {
			isa = PBXFrameworksBuildPhase;
			buildActionMask = 2147483647;
			files = (
			);
			runOnlyForDeploymentPostprocessing = 0;
		};
/* End PBXFrameworksBuildPhase section */

/* Begin PBXGroup section */
		5F4A31230339191003513D5D /* BulletDynamics */ = {
			isa = PBXGroup;
			children = (
				58310FA7346969B02D890D41 /* src */,
				68954B09584B253D02FC0C57 /* Products */,
			);
			name = "BulletDynamics";
			sourceTree = "<group>";
		};
		58310FA7346969B02D890D41 /* src */ = {
			isa = PBXGroup;
			children = (
				320257336C4829F813885DF6 /* BulletDynamics */,
			);
			name = "src";
			sourceTree = "<group>";
		};
		320257336C4829F813885DF6 /* BulletDynamics */ = {
			isa = PBXGroup;
			children = (
				510D501547EB29437E802912 /* Character */,
				6B1829C43F190FAF3E4763AD /* ConstraintSolver */,
				191C21CC054441873B9A101B /* Dynamics */,
				7F88459E456D2652688A622D /* Featherstone */,
				2AD140445C4B5D9F24C65B0A /* MLCPSolvers */,
				251935CA18D4291E2CF73B8B /* Vehicle */,
			);
			name = "BulletDynamics";
			sourceTree = "<group>";
		};
		510D501547EB29437E802912 /* Character */ = {
			isa = PBXGroup;
			children = (
				798B1E685AE0404656747CDC /* btCharacterControllerInterface.h */,
				694E2BE60C627EA87A150C8E /* btKinematicCharacterController.cpp */,
				42077A1533D637FB66663FDD /* btKinematicCharacterController.h */,
			);
			name = "Character";
			sourceTree = "<group>";
		};
		6B1829C43F190FAF3E4763AD /* ConstraintSolver */ = {
			isa = PBXGroup;
			children = (
				15CD4C5A68DB2FF240744100 /* btConeTwistConstraint.cpp */,
				47A67E796EC648DA168C50D7 /* btConeTwistConstraint.h */,
				7404649F21454A9640F67366 /* btConstraintSolver.h */,
				4D4974BA60EB00A82F7B6974 /* btContactConstraint.cpp */,
				62A96D2741257E1A686009FB /* btContactConstraint.h */,
				6A4D10210F2C2D015B3E5B6D /* btContactSolverInfo.h */,
				10143DB74F7F559735740A62 /* btFixedConstraint.cpp */,
				72521FA117393C317482371E /* btFixedConstraint.h */,
				47000E883B0B6BEE115C50F4 /* btGearConstraint.cpp */,
				4B2914EF7C37198E41683D91 /* btGearConstraint.h */,
				25C46A6F3527305D698816C6 /* btGeneric6DofConstraint.cpp */,
				73B66A2135FB210D695C4C78 /* btGeneric6DofConstraint.h */,
				03157B64128237B413B41912 /* btGeneric6DofSpring2Constraint.cpp */,
				1D243C341B057DF63F255296 /* btGeneric6DofSpring2Constraint.h */,
				2F0F127B540810D070854455 /* btGeneric6DofSpringConstraint.cpp */,
				085C607878C154EE5CF76103 /* btGeneric6DofSpringConstraint.h */,
				157F709E3A23528525D41C99 /* btHinge2Constraint.cpp */,
				22D75AE46BDD2EE426CD5D96 /* btHinge2Constraint.h */,
				5B4203F813831E353D991D66 /* btHingeConstraint.cpp */,
				71BD4FF15C6651DC6D5F0AC2 /* btHingeConstraint.h */,
				572F6A60657A67456644166C /* btJacobianEntry.h */,
				2E9D706E76083983599D7A64 /* btNNCGConstraintSolver.cpp */,
				37F62D5131BE62D663652C5B /* btNNCGConstraintSolver.h */,
				3B82630B1CD859EB6A380860 /* btPoint2PointConstraint.cpp */,
				0C5C07CF3E4675D77C7E618F /* btPoint2PointConstraint.h */,
				057A169314AC328E3A2F1D4D /* btSequentialImpulseConstraintSolver.cpp */,
				793C5E5E0FDC650A0FBC2F8A /* btSequentialImpulseConstraintSolver.h */,
				383F35545457500646A24D7E /* btSliderConstraint.cpp */,
				45515A735BF6275B53F44535 /* btSliderConstraint.h */,
				572D734806F6363A517E5664 /* btSolve2LinearConstraint.cpp */,
				56AD2EE767491872206968DD /* btSolve2LinearConstraint.h */,
				1F7E2F1475412F4E3EA43942 /* btSolverBody.h */,
				39F108DB698B463229F932EE /* btSolverConstraint.h */,
				321A685951AD46BC78783AF6 /* btTypedConstraint.cpp */,
				446C35691A6B215F220E7BC9 /* btTypedConstraint.h */,
				08A468A80CF67EF527415BF0 /* btUniversalConstraint.cpp */,
				27AB51B77AC462BC51E05281 /* btUniversalConstraint.h */,
			);
			name = "ConstraintSolver";
			sourceTree = "<group>";
		};
		191C21CC054441873B9A101B /* Dynamics */ = {
			isa = PBXGroup;
			children = (
				17DC0E94390C68BE3D3D0A39 /* btActionInterface.h */,
				3F950501074E188B5984212B /* btDiscreteDynamicsWorld.cpp */,
				543D1CFE056C0C101C776FA1 /* btDiscreteDynamicsWorld.h */,
				4981475B61F26D705BA34CFE /* btDynamicsWorld.h */,
				48380E8A41C459F05BD31904 /* btRigidBody.cpp */,
				6E9A6FEA2C2950A126451B12 /* btRigidBody.h */,
				68F40FA008D653FD367F672F /* btSimpleDynamicsWorld.cpp */,
				49EC391E75953B1568316E68 /* btSimpleDynamicsWorld.h */,
			);
			name = "Dynamics";
			sourceTree = "<group>";
		};
		7F88459E456D2652688A622D /* Featherstone */ = {
			isa = PBXGroup;
			children = (
				2C4502AC1C5B348306832A41 /* btMultiBody.cpp */,
				3B2E7ED234216D1515AC6B76 /* btMultiBody.h */,
				17440DE2755527101E693690 /* btMultiBodyConstraint.cpp */,
				617C1E49666931122FD81C2F /* btMultiBodyConstraint.h */,
				681224812157113344DC73F2 /* btMultiBodyConstraintSolver.cpp */,
				672555242ECE76B662286BF8 /* btMultiBodyConstraintSolver.h */,
				27FB635C5F596CB625300011 /* btMultiBodyDynamicsWorld.cpp */,
				1B8F085923CD73EA3ED127FA /* btMultiBodyDynamicsWorld.h */,
				49585AB263B912C404876BFD /* btMultiBodyJointFeedback.h */,
				5F202E345B48749E44237C6F /* btMultiBodyJointLimitConstraint.cpp */,
				33B9716E049646260F642758 /* btMultiBodyJointLimitConstraint.h */,
				34122FB74A9B20E13C037CDB /* btMultiBodyJointMotor.cpp */,
				219B071B275023325A9049B6 /* btMultiBodyJointMotor.h */,
				70EB774628E5688235FE486F /* btMultiBodyLink.h */,
				7917558A051F748F14617749 /* btMultiBodyLinkCollider.h */,
				78D50EBD3593497138820367 /* btMultiBodyPoint2Point.cpp */,
				729D5A773C8D72A748CA62DF /* btMultiBodyPoint2Point.h */,
				26804A2F04586446637B3479 /* btMultiBodySolverConstraint.h */,
			);
			name = "Featherstone";
			sourceTree = "<group>";
		};
		2AD140445C4B5D9F24C65B0A /* MLCPSolvers */ = {
			isa = PBXGroup;
			children = (
				2A141D8112924F3D6CF70A4A /* btDantzigLCP.cpp */,
				61DA584947EB3E9C76A841E1 /* btDantzigLCP.h */,
				29A07CC041717CE94D450D21 /* btDantzigSolver.h */,
				18C831C12B8C03D9534F27F2 /* btLemkeAlgorithm.cpp */,
				7A503A8109C2342D100A16E3 /* btLemkeAlgorithm.h */,
				19126DA514E81316151131DD /* btLemkeSolver.h */,
				4BBA61F814C722896D644301 /* btMLCPSolver.cpp */,
				362C3F030B795F7855596F34 /* btMLCPSolver.h */,
				723F42C11FF9147F4E020CDC /* btMLCPSolverInterface.h */,
				617C1D1A294521021FEA3EA2 /* btPATHSolver.h */,
				006C56D76BD31A5F5D904D9D /* btSolveProjectedGaussSeidel.h */,
			);
			name = "MLCPSolvers";
			sourceTree = "<group>";
		};
		251935CA18D4291E2CF73B8B /* Vehicle */ = {
			isa = PBXGroup;
			children = (
				5A713BE22DD73AC100325629 /* btRaycastVehicle.cpp */,
				34073F0E47A06922642A0428 /* btRaycastVehicle.h */,
				1F0924AA19EB3FEC548927FC /* btVehicleRaycaster.h */,
				196B431127FF069C0F72202F /* btWheelInfo.cpp */,
				7A47653859030E7D443C7BCB /* btWheelInfo.h */,
			);
			name = "Vehicle";
			sourceTree = "<group>";
		};
		68954B09584B253D02FC0C57 /* Products */ = {
			isa = PBXGroup;
			children = (
				6F553A9E6CE764A8098A4D63 /* libBulletDynamics_xcode4_x64_release.a */,
			);
			name = "Products";
			sourceTree = "<group>";
		};
/* End PBXGroup section */

/* Begin PBXNativeTarget section */
		42EB74F66096489D42F37B87 /* BulletDynamics */ = {
			isa = PBXNativeTarget;
			buildConfigurationList = 4360651E2B157FF0261211E0 /* Build configuration list for PBXNativeTarget "BulletDynamics" */;
			buildPhases = (
				2D4F5B4811F45FBE50977623 /* Resources */,
				081A790B767265C0434868FE /* Sources */,
				106354F4197E4CAF7E0F1A74 /* Frameworks */,
			);
			buildRules = (
			);
			dependencies = (
			);
			name = "BulletDynamics";
			productName = "BulletDynamics";
			productReference = 6F553A9E6CE764A8098A4D63 /* libBulletDynamics_xcode4_x64_release.a */;
			productType = "com.apple.product-type.library.static";
		};
/* End PBXNativeTarget section */

/* Begin PBXProject section */
		08FB7793FE84155DC02AAC07 /* Project object */ = {
			isa = PBXProject;
			buildConfigurationList = 1DEB928908733DD80010E9CD /* Build configuration list for PBXProject "BulletDynamics" */;
			compatibilityVersion = "Xcode 3.2";
			hasScannedForEncodings = 1;
			mainGroup = 5F4A31230339191003513D5D /* BulletDynamics */;
			projectDirPath = "";
			projectRoot = "";
			targets = (
				42EB74F66096489D42F37B87 /* libBulletDynamics_xcode4_x64_release.a */,
			);
		};
/* End PBXProject section */

/* Begin PBXResourcesBuildPhase section */
		2D4F5B4811F45FBE50977623 /* Resources */ = {
			isa = PBXResourcesBuildPhase;
			buildActionMask = 2147483647;
			files = (
			);
			runOnlyForDeploymentPostprocessing = 0;
		};
/* End PBXResourcesBuildPhase section */

/* Begin PBXSourcesBuildPhase section */
		081A790B767265C0434868FE /* Sources */ = {
			isa = PBXSourcesBuildPhase;
			buildActionMask = 2147483647;
			files = (
				7C7222AD2499487513EA75D6 /* btKinematicCharacterController.cpp in Sources */,
				1BFF29910FBD7E6A66EC3EC8 /* btConeTwistConstraint.cpp in Sources */,
				5D7C292D58BB776326E05957 /* btContactConstraint.cpp in Sources */,
				4D1405B87CB555FA2F701FD1 /* btFixedConstraint.cpp in Sources */,
				504046EE4426294A5EC911F6 /* btGearConstraint.cpp in Sources */,
				2CF50AA3653B2C4904E036E1 /* btGeneric6DofConstraint.cpp in Sources */,
				29215F711E672CE649A515A7 /* btGeneric6DofSpring2Constraint.cpp in Sources */,
				2A440EB452A045975B3F23FE /* btGeneric6DofSpringConstraint.cpp in Sources */,
				0FDE5ECD01E9168443A11257 /* btHinge2Constraint.cpp in Sources */,
				337B791B07FF253E141E53ED /* btHingeConstraint.cpp in Sources */,
				7C906CE27059764610C45F0E /* btNNCGConstraintSolver.cpp in Sources */,
				5DF532CB651901D55B3068E2 /* btPoint2PointConstraint.cpp in Sources */,
				4B7E55AC37A87A807C2425A3 /* btSequentialImpulseConstraintSolver.cpp in Sources */,
				0F694B385D84422E067D1813 /* btSliderConstraint.cpp in Sources */,
				4F65035B62737CDA55BE58FD /* btSolve2LinearConstraint.cpp in Sources */,
				26403A8F30EF374E06696549 /* btTypedConstraint.cpp in Sources */,
				760F70920A7C5412139409A8 /* btUniversalConstraint.cpp in Sources */,
				266E2AC710915483651A1286 /* btDiscreteDynamicsWorld.cpp in Sources */,
				6A1923E129EF38D67576283F /* btRigidBody.cpp in Sources */,
				70016AE445C72E6B77DD5C35 /* btSimpleDynamicsWorld.cpp in Sources */,
				4FB5277E4E3462CF45923369 /* btMultiBody.cpp in Sources */,
				509B1AA43197703D6695737E /* btMultiBodyConstraint.cpp in Sources */,
				1EB84F86077341A63A7C61C3 /* btMultiBodyConstraintSolver.cpp in Sources */,
				1B5C3EF43D230539715A0A67 /* btMultiBodyDynamicsWorld.cpp in Sources */,
				7295389340E3169F480B5357 /* btMultiBodyJointLimitConstraint.cpp in Sources */,
				347B1CA722E174674D6214A4 /* btMultiBodyJointMotor.cpp in Sources */,
				0BA66E115B6A11733C302F8D /* btMultiBodyPoint2Point.cpp in Sources */,
				41196D91756D0792185918C1 /* btDantzigLCP.cpp in Sources */,
				2D44658529CD62953F97108A /* btLemkeAlgorithm.cpp in Sources */,
				1C383CF924BD143C08235992 /* btMLCPSolver.cpp in Sources */,
				44A94DB2752212CA2DDD2508 /* btRaycastVehicle.cpp in Sources */,
				027902466FFB75066D3B761D /* btWheelInfo.cpp in Sources */,
			);
			runOnlyForDeploymentPostprocessing = 0;
		};
/* End PBXSourcesBuildPhase section */

/* Begin PBXVariantGroup section */
/* End PBXVariantGroup section */

/* Begin XCBuildConfiguration section */
		3C4C50A64BEE2A465C1F23E4 /* Release */ = {
			isa = XCBuildConfiguration;
			buildSettings = {
				ARCHS = "$(ARCHS_STANDARD_32_BIT) $(ARCHS_STANDARD_64_BIT)";
				VALID_ARCHS = "x86_64 i386";
				ALWAYS_SEARCH_USER_PATHS = NO;
				DEBUG_INFORMATION_FORMAT = "dwarf-with-dsym";
				CONFIGURATION_BUILD_DIR = "../../bin";
				GCC_DYNAMIC_NO_PIC = NO;
				GCC_MODEL_TUNING = G5;
				INSTALL_PATH = /usr/local/lib;
				PRODUCT_NAME = "BulletDynamics_xcode4_x64_release";
			};
			name = "Release";
		};
		5D234C7679771C992FF52532 /* Debug */ = {
			isa = XCBuildConfiguration;
			buildSettings = {
				ARCHS = "$(ARCHS_STANDARD_32_BIT) $(ARCHS_STANDARD_64_BIT)";
				VALID_ARCHS = "x86_64 i386";
				ALWAYS_SEARCH_USER_PATHS = NO;
				CONFIGURATION_BUILD_DIR = "../../bin";
				GCC_DYNAMIC_NO_PIC = NO;
				GCC_MODEL_TUNING = G5;
				INSTALL_PATH = /usr/local/lib;
				PRODUCT_NAME = "BulletDynamics_xcode4_x64_debug";
			};
			name = "Debug";
		};
		7EB1491710D871AD40595299 /* Release */ = {
			isa = XCBuildConfiguration;
			buildSettings = {
				ARCHS = "$(ARCHS_STANDARD_32_BIT) $(ARCHS_STANDARD_64_BIT)";
				VALID_ARCHS = "x86_64 i386";
				SDKROOT = macosx;
				ARCHS = "x86_64";
				CONFIGURATION_BUILD_DIR = "$(SYMROOT)";
				CONFIGURATION_TEMP_DIR = "$(OBJROOT)";
				GCC_C_LANGUAGE_STANDARD = gnu99;
				GCC_OPTIMIZATION_LEVEL = s;
				GCC_SYMBOLS_PRIVATE_EXTERN = NO;
				GCC_WARN_ABOUT_RETURN_TYPE = YES;
				GCC_WARN_UNUSED_VARIABLE = YES;
				HEADER_SEARCH_PATHS = (
					"../../src",
				);
				OBJROOT = "obj/x64/Release/BulletDynamics";
				ONLY_ACTIVE_ARCH = NO;
				OTHER_CFLAGS = (
					"-ffast-math",
				);
				STANDARD_C_PLUS_PLUS_LIBRARY_TYPE = static;
				SYMROOT = "../../bin";
			};
			name = "Release";
		};
		28FD0ECB54A4080D204E644C /* Debug */ = {
			isa = XCBuildConfiguration;
			buildSettings = {
				ARCHS = "$(ARCHS_STANDARD_32_BIT) $(ARCHS_STANDARD_64_BIT)";
				VALID_ARCHS = "x86_64 i386";
				SDKROOT = macosx;
				ARCHS = "x86_64";
				CONFIGURATION_BUILD_DIR = "$(SYMROOT)";
				CONFIGURATION_TEMP_DIR = "$(OBJROOT)";
				COPY_PHASE_STRIP = NO;
				GCC_C_LANGUAGE_STANDARD = gnu99;
				GCC_OPTIMIZATION_LEVEL = 0;
				GCC_PREPROCESSOR_DEFINITIONS = (
					"_DEBUG=1",
				);
				GCC_SYMBOLS_PRIVATE_EXTERN = NO;
				GCC_WARN_ABOUT_RETURN_TYPE = YES;
				GCC_WARN_UNUSED_VARIABLE = YES;
				HEADER_SEARCH_PATHS = (
					"../../src",
				);
				OBJROOT = "obj/x64/Debug/BulletDynamics";
				ONLY_ACTIVE_ARCH = YES;
				OTHER_CFLAGS = (
					"-ffast-math",
				);
				STANDARD_C_PLUS_PLUS_LIBRARY_TYPE = static;
				SYMROOT = "../../bin";
			};
			name = "Debug";
		};
/* End XCBuildConfiguration section */

/* Begin XCConfigurationList section */
		4360651E2B157FF0261211E0 /* Build configuration list for PBXNativeTarget "libBulletDynamics_xcode4_x64_release.a" */ = {
			isa = XCConfigurationList;
			buildConfigurations = (
				3C4C50A64BEE2A465C1F23E4 /* Release */,
				5D234C7679771C992FF52532 /* Debug */,
			);
			defaultConfigurationIsVisible = 0;
			defaultConfigurationName = "Release";
		};
		1DEB928908733DD80010E9CD /* Build configuration list for PBXProject "BulletDynamics" */ = {
			isa = XCConfigurationList;
			buildConfigurations = (
				7EB1491710D871AD40595299 /* Release */,
				28FD0ECB54A4080D204E644C /* Debug */,
			);
			defaultConfigurationIsVisible = 0;
			defaultConfigurationName = "Release";
		};
/* End XCConfigurationList section */

	};
	rootObject = 08FB7793FE84155DC02AAC07 /* Project object */;
}
