<?xml version="1.0" encoding="utf-8"?>
<Project ToolsVersion="4.0" xmlns="http://schemas.microsoft.com/developer/msbuild/2003">
  <ItemGroup>
    <Filter Include="examples">
      <UniqueIdentifier>{F8CA97DD-44C6-7042-924B-8DD90C1AA55C}</UniqueIdentifier>
    </Filter>
    <Filter Include="examples\ThirdPartyLibs">
      <UniqueIdentifier>{4E523D56-75EF-3D43-867B-8A04415EBEAE}</UniqueIdentifier>
    </Filter>
    <Filter Include="examples\ThirdPartyLibs\Glew">
      <UniqueIdentifier>{05E55C64-9D70-0341-828F-669A697E9DC3}</UniqueIdentifier>
    </Filter>
    <Filter Include="examples\OpenGLWindow">
      <UniqueIdentifier>{4C50CF48-4533-A04C-B5A6-F4C71B2D77D1}</UniqueIdentifier>
    </Filter>
    <Filter Include="examples\Utils">
      <UniqueIdentifier>{EA233711-F4E5-8D49-83C7-C527E45942F0}</UniqueIdentifier>
    </Filter>
    <Filter Include="test">
      <UniqueIdentifier>{8FBCCBA6-24F7-8346-B936-C171C613979E}</UniqueIdentifier>
    </Filter>
    <Filter Include="test\GwenOpenGLTest">
      <UniqueIdentifier>{353B1652-710E-C549-86D6-DE8B5CD357B8}</UniqueIdentifier>
    </Filter>
  </ItemGroup>
  <ItemGroup>
    <ClInclude Include="..\..\examples\OpenGLWindow\TwFonts.h">
      <Filter>examples\OpenGLWindow</Filter>
    </ClInclude>
    <ClInclude Include="..\..\examples\OpenGLWindow\LoadShader.h">
      <Filter>examples\OpenGLWindow</Filter>
    </ClInclude>
    <ClInclude Include="..\..\examples\OpenGLWindow\GLPrimitiveRenderer.h">
      <Filter>examples\OpenGLWindow</Filter>
    </ClInclude>
    <ClInclude Include="..\..\examples\OpenGLWindow\GwenOpenGL3CoreRenderer.h">
      <Filter>examples\OpenGLWindow</Filter>
    </ClInclude>
    <ClInclude Include="..\..\examples\OpenGLWindow\fontstash.h">
      <Filter>examples\OpenGLWindow</Filter>
    </ClInclude>
    <ClInclude Include="..\..\examples\OpenGLWindow\opengl_fontstashcallbacks.h">
      <Filter>examples\OpenGLWindow</Filter>
    </ClInclude>
    <ClInclude Include="..\..\examples\Utils\b3Clock.h">
      <Filter>examples\Utils</Filter>
    </ClInclude>
    <ClInclude Include="..\..\test\GwenOpenGLTest\UnitTest.h">
      <Filter>test\GwenOpenGLTest</Filter>
    </ClInclude>
    <ClInclude Include="..\..\examples\OpenGLWindow\Win32OpenGLWindow.h">
      <Filter>examples\OpenGLWindow</Filter>
    </ClInclude>
    <ClInclude Include="..\..\examples\OpenGLWindow\Win32Window.h">
      <Filter>examples\OpenGLWindow</Filter>
    </ClInclude>
  </ItemGroup>
  <ItemGroup>
    <ClCompile Include="..\..\examples\ThirdPartyLibs\Glew\glew.c">
      <Filter>examples\ThirdPartyLibs\Glew</Filter>
    </ClCompile>
    <ClCompile Include="..\..\examples\OpenGLWindow\OpenSans.cpp">
      <Filter>examples\OpenGLWindow</Filter>
    </ClCompile>
    <ClCompile Include="..\..\examples\OpenGLWindow\TwFonts.cpp">
      <Filter>examples\OpenGLWindow</Filter>
    </ClCompile>
    <ClCompile Include="..\..\examples\OpenGLWindow\LoadShader.cpp">
      <Filter>examples\OpenGLWindow</Filter>
    </ClCompile>
    <ClCompile Include="..\..\examples\OpenGLWindow\GLPrimitiveRenderer.cpp">
      <Filter>examples\OpenGLWindow</Filter>
    </ClCompile>
    <ClCompile Include="..\..\examples\OpenGLWindow\fontstash.cpp">
      <Filter>examples\OpenGLWindow</Filter>
    </ClCompile>
    <ClCompile Include="..\..\examples\OpenGLWindow\opengl_fontstashcallbacks.cpp">
      <Filter>examples\OpenGLWindow</Filter>
    </ClCompile>
    <ClCompile Include="..\..\examples\Utils\b3Clock.cpp">
      <Filter>examples\Utils</Filter>
    </ClCompile>
    <ClCompile Include="..\..\test\GwenOpenGLTest\Button.cpp">
      <Filter>test\GwenOpenGLTest</Filter>
    </ClCompile>
    <ClCompile Include="..\..\test\GwenOpenGLTest\Checkbox.cpp">
      <Filter>test\GwenOpenGLTest</Filter>
    </ClCompile>
    <ClCompile Include="..\..\test\GwenOpenGLTest\ComboBox.cpp">
      <Filter>test\GwenOpenGLTest</Filter>
    </ClCompile>
    <ClCompile Include="..\..\test\GwenOpenGLTest\CrossSplitter.cpp">
      <Filter>test\GwenOpenGLTest</Filter>
    </ClCompile>
    <ClCompile Include="..\..\test\GwenOpenGLTest\GroupBox.cpp">
      <Filter>test\GwenOpenGLTest</Filter>
    </ClCompile>
    <ClCompile Include="..\..\test\GwenOpenGLTest\ImagePanel.cpp">
      <Filter>test\GwenOpenGLTest</Filter>
    </ClCompile>
    <ClCompile Include="..\..\test\GwenOpenGLTest\Label.cpp">
      <Filter>test\GwenOpenGLTest</Filter>
    </ClCompile>
    <ClCompile Include="..\..\test\GwenOpenGLTest\ListBox.cpp">
      <Filter>test\GwenOpenGLTest</Filter>
    </ClCompile>
    <ClCompile Include="..\..\test\GwenOpenGLTest\MenuStrip.cpp">
      <Filter>test\GwenOpenGLTest</Filter>
    </ClCompile>
    <ClCompile Include="..\..\test\GwenOpenGLTest\Numeric.cpp">
      <Filter>test\GwenOpenGLTest</Filter>
    </ClCompile>
    <ClCompile Include="..\..\test\GwenOpenGLTest\OpenGLSample.cpp">
      <Filter>test\GwenOpenGLTest</Filter>
    </ClCompile>
    <ClCompile Include="..\..\test\GwenOpenGLTest\PanelListPanel.cpp">
      <Filter>test\GwenOpenGLTest</Filter>
    </ClCompile>
    <ClCompile Include="..\..\test\GwenOpenGLTest\ProgressBar.cpp">
      <Filter>test\GwenOpenGLTest</Filter>
    </ClCompile>
    <ClCompile Include="..\..\test\GwenOpenGLTest\Properties.cpp">
      <Filter>test\GwenOpenGLTest</Filter>
    </ClCompile>
    <ClCompile Include="..\..\test\GwenOpenGLTest\RadioButton.cpp">
      <Filter>test\GwenOpenGLTest</Filter>
    </ClCompile>
    <ClCompile Include="..\..\test\GwenOpenGLTest\ScrollControl.cpp">
      <Filter>test\GwenOpenGLTest</Filter>
    </ClCompile>
    <ClCompile Include="..\..\test\GwenOpenGLTest\Slider.cpp">
      <Filter>test\GwenOpenGLTest</Filter>
    </ClCompile>
    <ClCompile Include="..\..\test\GwenOpenGLTest\StatusBar.cpp">
      <Filter>test\GwenOpenGLTest</Filter>
    </ClCompile>
    <ClCompile Include="..\..\test\GwenOpenGLTest\TabControl.cpp">
      <Filter>test\GwenOpenGLTest</Filter>
    </ClCompile>
    <ClCompile Include="..\..\test\GwenOpenGLTest\TextBox.cpp">
      <Filter>test\GwenOpenGLTest</Filter>
    </ClCompile>
    <ClCompile Include="..\..\test\GwenOpenGLTest\TreeControl.cpp">
      <Filter>test\GwenOpenGLTest</Filter>
    </ClCompile>
    <ClCompile Include="..\..\test\GwenOpenGLTest\UnitTest.cpp">
      <Filter>test\GwenOpenGLTest</Filter>
    </ClCompile>
    <ClCompile Include="..\..\examples\OpenGLWindow\Win32OpenGLWindow.cpp">
      <Filter>examples\OpenGLWindow</Filter>
    </ClCompile>
    <ClCompile Include="..\..\examples\OpenGLWindow\Win32Window.cpp">
      <Filter>examples\OpenGLWindow</Filter>
    </ClCompile>
  </ItemGroup>
</Project>
