// !$*UTF8*$!
{
	archiveVersion = 1;
	classes = {
	};
	objectVersion = 45;
	objects = {

/* Begin PBXBuildFile section */
		5FD67DAE489550DA33AD4C41 /* btDefaultSoftBodySolver.cpp in Sources */ = {isa = PBXBuildFile; fileRef = 4652451C550F4BCB1BD75471 /* btDefaultSoftBodySolver.cpp */; };
		7C92163C4D4C41EA6D320E09 /* btSoftBody.cpp in Sources */ = {isa = PBXBuildFile; fileRef = 5F6E39997E844836029C5435 /* btSoftBody.cpp */; };
		105D4A2B4D486D3801A93FDA /* btSoftBodyConcaveCollisionAlgorithm.cpp in Sources */ = {isa = PBXBuildFile; fileRef = 6BB410515ADA3FD95A7C1B05 /* btSoftBodyConcaveCollisionAlgorithm.cpp */; };
		04E1762F379E275B688D3DEC /* btSoftBodyHelpers.cpp in Sources */ = {isa = PBXBuildFile; fileRef = 1F003E0411F4679119F55B19 /* btSoftBodyHelpers.cpp */; };
		36BC14B850DD6ECD085D1AF8 /* btSoftBodyRigidBodyCollisionConfiguration.cpp in Sources */ = {isa = PBXBuildFile; fileRef = 07F70F8429533F8D68052E77 /* btSoftBodyRigidBodyCollisionConfiguration.cpp */; };
		2210726358EC168B1DA962DB /* btSoftRigidCollisionAlgorithm.cpp in Sources */ = {isa = PBXBuildFile; fileRef = 2E67109C12453066230C2A66 /* btSoftRigidCollisionAlgorithm.cpp */; };
		02966B864A79016B30196F11 /* btSoftRigidDynamicsWorld.cpp in Sources */ = {isa = PBXBuildFile; fileRef = 2B3E1DAC223D743751513CE7 /* btSoftRigidDynamicsWorld.cpp */; };
		02B55A707D9A212F1ACB2C66 /* btSoftSoftCollisionAlgorithm.cpp in Sources */ = {isa = PBXBuildFile; fileRef = 5DA906BE2E244B142AAC1851 /* btSoftSoftCollisionAlgorithm.cpp */; };
/* End PBXBuildFile section */

/* Begin PBXFileReference section */
		4652451C550F4BCB1BD75471 /* btDefaultSoftBodySolver.cpp */ = {isa = PBXFileReference; lastKnownFileType = sourcecode.cpp.cpp; name = "btDefaultSoftBodySolver.cpp"; path = "../../src/BulletSoftBody/btDefaultSoftBodySolver.cpp"; sourceTree = "<group>"; };
		55C84352448716271702279F /* btDefaultSoftBodySolver.h */ = {isa = PBXFileReference; lastKnownFileType = sourcecode.c.h; name = "btDefaultSoftBodySolver.h"; path = "../../src/BulletSoftBody/btDefaultSoftBodySolver.h"; sourceTree = "<group>"; };
		5F6E39997E844836029C5435 /* btSoftBody.cpp */ = {isa = PBXFileReference; lastKnownFileType = sourcecode.cpp.cpp; name = "btSoftBody.cpp"; path = "../../src/BulletSoftBody/btSoftBody.cpp"; sourceTree = "<group>"; };
		76792B9569D218153D7011E3 /* btSoftBody.h */ = {isa = PBXFileReference; lastKnownFileType = sourcecode.c.h; name = "btSoftBody.h"; path = "../../src/BulletSoftBody/btSoftBody.h"; sourceTree = "<group>"; };
		6BB410515ADA3FD95A7C1B05 /* btSoftBodyConcaveCollisionAlgorithm.cpp */ = {isa = PBXFileReference; lastKnownFileType = sourcecode.cpp.cpp; name = "btSoftBodyConcaveCollisionAlgorithm.cpp"; path = "../../src/BulletSoftBody/btSoftBodyConcaveCollisionAlgorithm.cpp"; sourceTree = "<group>"; };
		1F9922126CD4627923F82489 /* btSoftBodyConcaveCollisionAlgorithm.h */ = {isa = PBXFileReference; lastKnownFileType = sourcecode.c.h; name = "btSoftBodyConcaveCollisionAlgorithm.h"; path = "../../src/BulletSoftBody/btSoftBodyConcaveCollisionAlgorithm.h"; sourceTree = "<group>"; };
		5B8A5DE021DB4C9A36782BFD /* btSoftBodyData.h */ = {isa = PBXFileReference; lastKnownFileType = sourcecode.c.h; name = "btSoftBodyData.h"; path = "../../src/BulletSoftBody/btSoftBodyData.h"; sourceTree = "<group>"; };
		1F003E0411F4679119F55B19 /* btSoftBodyHelpers.cpp */ = {isa = PBXFileReference; lastKnownFileType = sourcecode.cpp.cpp; name = "btSoftBodyHelpers.cpp"; path = "../../src/BulletSoftBody/btSoftBodyHelpers.cpp"; sourceTree = "<group>"; };
		79764A7D709F0CD907F56CAB /* btSoftBodyHelpers.h */ = {isa = PBXFileReference; lastKnownFileType = sourcecode.c.h; name = "btSoftBodyHelpers.h"; path = "../../src/BulletSoftBody/btSoftBodyHelpers.h"; sourceTree = "<group>"; };
		55F506850D8C20785214516B /* btSoftBodyInternals.h */ = {isa = PBXFileReference; lastKnownFileType = sourcecode.c.h; name = "btSoftBodyInternals.h"; path = "../../src/BulletSoftBody/btSoftBodyInternals.h"; sourceTree = "<group>"; };
		07F70F8429533F8D68052E77 /* btSoftBodyRigidBodyCollisionConfiguration.cpp */ = {isa = PBXFileReference; lastKnownFileType = sourcecode.cpp.cpp; name = "btSoftBodyRigidBodyCollisionConfiguration.cpp"; path = "../../src/BulletSoftBody/btSoftBodyRigidBodyCollisionConfiguration.cpp"; sourceTree = "<group>"; };
		4F31211D37B96A78152E1E83 /* btSoftBodyRigidBodyCollisionConfiguration.h */ = {isa = PBXFileReference; lastKnownFileType = sourcecode.c.h; name = "btSoftBodyRigidBodyCollisionConfiguration.h"; path = "../../src/BulletSoftBody/btSoftBodyRigidBodyCollisionConfiguration.h"; sourceTree = "<group>"; };
		3CC6701036862E3D42A62498 /* btSoftBodySolverVertexBuffer.h */ = {isa = PBXFileReference; lastKnownFileType = sourcecode.c.h; name = "btSoftBodySolverVertexBuffer.h"; path = "../../src/BulletSoftBody/btSoftBodySolverVertexBuffer.h"; sourceTree = "<group>"; };
		7EED24163EB64C4F6B56667D /* btSoftBodySolvers.h */ = {isa = PBXFileReference; lastKnownFileType = sourcecode.c.h; name = "btSoftBodySolvers.h"; path = "../../src/BulletSoftBody/btSoftBodySolvers.h"; sourceTree = "<group>"; };
		2E67109C12453066230C2A66 /* btSoftRigidCollisionAlgorithm.cpp */ = {isa = PBXFileReference; lastKnownFileType = sourcecode.cpp.cpp; name = "btSoftRigidCollisionAlgorithm.cpp"; path = "../../src/BulletSoftBody/btSoftRigidCollisionAlgorithm.cpp"; sourceTree = "<group>"; };
		5539244404C60D0238360AC9 /* btSoftRigidCollisionAlgorithm.h */ = {isa = PBXFileReference; lastKnownFileType = sourcecode.c.h; name = "btSoftRigidCollisionAlgorithm.h"; path = "../../src/BulletSoftBody/btSoftRigidCollisionAlgorithm.h"; sourceTree = "<group>"; };
		2B3E1DAC223D743751513CE7 /* btSoftRigidDynamicsWorld.cpp */ = {isa = PBXFileReference; lastKnownFileType = sourcecode.cpp.cpp; name = "btSoftRigidDynamicsWorld.cpp"; path = "../../src/BulletSoftBody/btSoftRigidDynamicsWorld.cpp"; sourceTree = "<group>"; };
		74B67D2A60F45F6720FD4878 /* btSoftRigidDynamicsWorld.h */ = {isa = PBXFileReference; lastKnownFileType = sourcecode.c.h; name = "btSoftRigidDynamicsWorld.h"; path = "../../src/BulletSoftBody/btSoftRigidDynamicsWorld.h"; sourceTree = "<group>"; };
		5DA906BE2E244B142AAC1851 /* btSoftSoftCollisionAlgorithm.cpp */ = {isa = PBXFileReference; lastKnownFileType = sourcecode.cpp.cpp; name = "btSoftSoftCollisionAlgorithm.cpp"; path = "../../src/BulletSoftBody/btSoftSoftCollisionAlgorithm.cpp"; sourceTree = "<group>"; };
		77C417ED59DD6DF5202C5934 /* btSoftSoftCollisionAlgorithm.h */ = {isa = PBXFileReference; lastKnownFileType = sourcecode.c.h; name = "btSoftSoftCollisionAlgorithm.h"; path = "../../src/BulletSoftBody/btSoftSoftCollisionAlgorithm.h"; sourceTree = "<group>"; };
		68465DBE712C0DCA79BE5DBF /* btSparseSDF.h */ = {isa = PBXFileReference; lastKnownFileType = sourcecode.c.h; name = "btSparseSDF.h"; path = "../../src/BulletSoftBody/btSparseSDF.h"; sourceTree = "<group>"; };
		454E314215BF2F3B6363797F /* libBulletSoftBody_xcode4_x64_release.a */ = {isa = PBXFileReference; explicitFileType = archive.ar; includeInIndex = 0; name = "libBulletSoftBody_xcode4_x64_release.a"; path = "libBulletSoftBody_xcode4_x64_release.a"; sourceTree = BUILT_PRODUCTS_DIR; };
/* End PBXFileReference section */

/* Begin PBXFrameworksBuildPhase section */
		68C45BEB4F812613369A7643 /* Frameworks */ = {
			isa = PBXFrameworksBuildPhase;
			buildActionMask = 2147483647;
			files = (
			);
			runOnlyForDeploymentPostprocessing = 0;
		};
/* End PBXFrameworksBuildPhase section */

/* Begin PBXGroup section */
		792B08161B802BF856C60645 /* BulletSoftBody */ = {
			isa = PBXGroup;
			children = (
				2C4026E85F98222E19765350 /* src */,
				54B74FC317B435C4126C7865 /* Products */,
			);
			name = "BulletSoftBody";
			sourceTree = "<group>";
		};
		2C4026E85F98222E19765350 /* src */ = {
			isa = PBXGroup;
			children = (
				5C725C8A05D82C357C2922CF /* BulletSoftBody */,
			);
			name = "src";
			sourceTree = "<group>";
		};
		5C725C8A05D82C357C2922CF /* BulletSoftBody */ = {
			isa = PBXGroup;
			children = (
				4652451C550F4BCB1BD75471 /* btDefaultSoftBodySolver.cpp */,
				55C84352448716271702279F /* btDefaultSoftBodySolver.h */,
				5F6E39997E844836029C5435 /* btSoftBody.cpp */,
				76792B9569D218153D7011E3 /* btSoftBody.h */,
				6BB410515ADA3FD95A7C1B05 /* btSoftBodyConcaveCollisionAlgorithm.cpp */,
				1F9922126CD4627923F82489 /* btSoftBodyConcaveCollisionAlgorithm.h */,
				5B8A5DE021DB4C9A36782BFD /* btSoftBodyData.h */,
				1F003E0411F4679119F55B19 /* btSoftBodyHelpers.cpp */,
				79764A7D709F0CD907F56CAB /* btSoftBodyHelpers.h */,
				55F506850D8C20785214516B /* btSoftBodyInternals.h */,
				07F70F8429533F8D68052E77 /* btSoftBodyRigidBodyCollisionConfiguration.cpp */,
				4F31211D37B96A78152E1E83 /* btSoftBodyRigidBodyCollisionConfiguration.h */,
				3CC6701036862E3D42A62498 /* btSoftBodySolverVertexBuffer.h */,
				7EED24163EB64C4F6B56667D /* btSoftBodySolvers.h */,
				2E67109C12453066230C2A66 /* btSoftRigidCollisionAlgorithm.cpp */,
				5539244404C60D0238360AC9 /* btSoftRigidCollisionAlgorithm.h */,
				2B3E1DAC223D743751513CE7 /* btSoftRigidDynamicsWorld.cpp */,
				74B67D2A60F45F6720FD4878 /* btSoftRigidDynamicsWorld.h */,
				5DA906BE2E244B142AAC1851 /* btSoftSoftCollisionAlgorithm.cpp */,
				77C417ED59DD6DF5202C5934 /* btSoftSoftCollisionAlgorithm.h */,
				68465DBE712C0DCA79BE5DBF /* btSparseSDF.h */,
			);
			name = "BulletSoftBody";
			sourceTree = "<group>";
		};
		54B74FC317B435C4126C7865 /* Products */ = {
			isa = PBXGroup;
			children = (
				454E314215BF2F3B6363797F /* libBulletSoftBody_xcode4_x64_release.a */,
			);
			name = "Products";
			sourceTree = "<group>";
		};
/* End PBXGroup section */

/* Begin PBXNativeTarget section */
		38FA3E8274ED2FEC359A5012 /* BulletSoftBody */ = {
			isa = PBXNativeTarget;
			buildConfigurationList = 6F0C15CF651A48E828C4022E /* Build configuration list for PBXNativeTarget "BulletSoftBody" */;
			buildPhases = (
				296672C052055E3A364E6BCC /* Resources */,
				407B530A606531712C442A7C /* Sources */,
				68C45BEB4F812613369A7643 /* Frameworks */,
			);
			buildRules = (
			);
			dependencies = (
			);
			name = "BulletSoftBody";
			productName = "BulletSoftBody";
			productReference = 454E314215BF2F3B6363797F /* libBulletSoftBody_xcode4_x64_release.a */;
			productType = "com.apple.product-type.library.static";
		};
/* End PBXNativeTarget section */

/* Begin PBXProject section */
		08FB7793FE84155DC02AAC07 /* Project object */ = {
			isa = PBXProject;
			buildConfigurationList = 1DEB928908733DD80010E9CD /* Build configuration list for PBXProject "BulletSoftBody" */;
			compatibilityVersion = "Xcode 3.2";
			hasScannedForEncodings = 1;
			mainGroup = 792B08161B802BF856C60645 /* BulletSoftBody */;
			projectDirPath = "";
			projectRoot = "";
			targets = (
				38FA3E8274ED2FEC359A5012 /* libBulletSoftBody_xcode4_x64_release.a */,
			);
		};
/* End PBXProject section */

/* Begin PBXResourcesBuildPhase section */
		296672C052055E3A364E6BCC /* Resources */ = {
			isa = PBXResourcesBuildPhase;
			buildActionMask = 2147483647;
			files = (
			);
			runOnlyForDeploymentPostprocessing = 0;
		};
/* End PBXResourcesBuildPhase section */

/* Begin PBXSourcesBuildPhase section */
		407B530A606531712C442A7C /* Sources */ = {
			isa = PBXSourcesBuildPhase;
			buildActionMask = 2147483647;
			files = (
				5FD67DAE489550DA33AD4C41 /* btDefaultSoftBodySolver.cpp in Sources */,
				7C92163C4D4C41EA6D320E09 /* btSoftBody.cpp in Sources */,
				105D4A2B4D486D3801A93FDA /* btSoftBodyConcaveCollisionAlgorithm.cpp in Sources */,
				04E1762F379E275B688D3DEC /* btSoftBodyHelpers.cpp in Sources */,
				36BC14B850DD6ECD085D1AF8 /* btSoftBodyRigidBodyCollisionConfiguration.cpp in Sources */,
				2210726358EC168B1DA962DB /* btSoftRigidCollisionAlgorithm.cpp in Sources */,
				02966B864A79016B30196F11 /* btSoftRigidDynamicsWorld.cpp in Sources */,
				02B55A707D9A212F1ACB2C66 /* btSoftSoftCollisionAlgorithm.cpp in Sources */,
			);
			runOnlyForDeploymentPostprocessing = 0;
		};
/* End PBXSourcesBuildPhase section */

/* Begin PBXVariantGroup section */
/* End PBXVariantGroup section */

/* Begin XCBuildConfiguration section */
		27FF6DF651134A8F776723D3 /* Release */ = {
			isa = XCBuildConfiguration;
			buildSettings = {
				ARCHS = "$(ARCHS_STANDARD_32_BIT) $(ARCHS_STANDARD_64_BIT)";
				VALID_ARCHS = "x86_64 i386";
				ALWAYS_SEARCH_USER_PATHS = NO;
				DEBUG_INFORMATION_FORMAT = "dwarf-with-dsym";
				CONFIGURATION_BUILD_DIR = "../../bin";
				GCC_DYNAMIC_NO_PIC = NO;
				GCC_MODEL_TUNING = G5;
				INSTALL_PATH = /usr/local/lib;
				PRODUCT_NAME = "BulletSoftBody_xcode4_x64_release";
			};
			name = "Release";
		};
		3A501AFD71734595459B7A52 /* Debug */ = {
			isa = XCBuildConfiguration;
			buildSettings = {
				ARCHS = "$(ARCHS_STANDARD_32_BIT) $(ARCHS_STANDARD_64_BIT)";
				VALID_ARCHS = "x86_64 i386";
				ALWAYS_SEARCH_USER_PATHS = NO;
				CONFIGURATION_BUILD_DIR = "../../bin";
				GCC_DYNAMIC_NO_PIC = NO;
				GCC_MODEL_TUNING = G5;
				INSTALL_PATH = /usr/local/lib;
				PRODUCT_NAME = "BulletSoftBody_xcode4_x64_debug";
			};
			name = "Debug";
		};
		312930D4318A6AD76B155C6F /* Release */ = {
			isa = XCBuildConfiguration;
			buildSettings = {
				ARCHS = "$(ARCHS_STANDARD_32_BIT) $(ARCHS_STANDARD_64_BIT)";
				VALID_ARCHS = "x86_64 i386";
				SDKROOT = macosx;
				ARCHS = "x86_64";
				CONFIGURATION_BUILD_DIR = "$(SYMROOT)";
				CONFIGURATION_TEMP_DIR = "$(OBJROOT)";
				GCC_C_LANGUAGE_STANDARD = gnu99;
				GCC_OPTIMIZATION_LEVEL = s;
				GCC_SYMBOLS_PRIVATE_EXTERN = NO;
				GCC_WARN_ABOUT_RETURN_TYPE = YES;
				GCC_WARN_UNUSED_VARIABLE = YES;
				HEADER_SEARCH_PATHS = (
					"../../src",
				);
				OBJROOT = "obj/x64/Release/BulletSoftBody";
				ONLY_ACTIVE_ARCH = NO;
				OTHER_CFLAGS = (
					"-ffast-math",
				);
				STANDARD_C_PLUS_PLUS_LIBRARY_TYPE = static;
				SYMROOT = "../../bin";
			};
			name = "Release";
		};
		23512CA72F5E6D503DEC0285 /* Debug */ = {
			isa = XCBuildConfiguration;
			buildSettings = {
				ARCHS = "$(ARCHS_STANDARD_32_BIT) $(ARCHS_STANDARD_64_BIT)";
				VALID_ARCHS = "x86_64 i386";
				SDKROOT = macosx;
				ARCHS = "x86_64";
				CONFIGURATION_BUILD_DIR = "$(SYMROOT)";
				CONFIGURATION_TEMP_DIR = "$(OBJROOT)";
				COPY_PHASE_STRIP = NO;
				GCC_C_LANGUAGE_STANDARD = gnu99;
				GCC_OPTIMIZATION_LEVEL = 0;
				GCC_PREPROCESSOR_DEFINITIONS = (
					"_DEBUG=1",
				);
				GCC_SYMBOLS_PRIVATE_EXTERN = NO;
				GCC_WARN_ABOUT_RETURN_TYPE = YES;
				GCC_WARN_UNUSED_VARIABLE = YES;
				HEADER_SEARCH_PATHS = (
					"../../src",
				);
				OBJROOT = "obj/x64/Debug/BulletSoftBody";
				ONLY_ACTIVE_ARCH = YES;
				OTHER_CFLAGS = (
					"-ffast-math",
				);
				STANDARD_C_PLUS_PLUS_LIBRARY_TYPE = static;
				SYMROOT = "../../bin";
			};
			name = "Debug";
		};
/* End XCBuildConfiguration section */

/* Begin XCConfigurationList section */
		6F0C15CF651A48E828C4022E /* Build configuration list for PBXNativeTarget "libBulletSoftBody_xcode4_x64_release.a" */ = {
			isa = XCConfigurationList;
			buildConfigurations = (
				27FF6DF651134A8F776723D3 /* Release */,
				3A501AFD71734595459B7A52 /* Debug */,
			);
			defaultConfigurationIsVisible = 0;
			defaultConfigurationName = "Release";
		};
		1DEB928908733DD80010E9CD /* Build configuration list for PBXProject "BulletSoftBody" */ = {
			isa = XCConfigurationList;
			buildConfigurations = (
				312930D4318A6AD76B155C6F /* Release */,
				23512CA72F5E6D503DEC0285 /* Debug */,
			);
			defaultConfigurationIsVisible = 0;
			defaultConfigurationName = "Release";
		};
/* End XCConfigurationList section */

	};
	rootObject = 08FB7793FE84155DC02AAC07 /* Project object */;
}
