// !$*UTF8*$!
{
	archiveVersion = 1;
	classes = {
	};
	objectVersion = 45;
	objects = {

/* Begin PBXBuildFile section */
		68C76D1D28213BA7667F4DF4 /* b3FixedConstraint.cpp in Sources */ = {isa = PBXBuildFile; fileRef = 769B4B50052B05703808513A /* b3FixedConstraint.cpp */; };
		3D655B136E6131AD135D662E /* b3Generic6DofConstraint.cpp in Sources */ = {isa = PBXBuildFile; fileRef = 51FC1902746D3A82546F0305 /* b3Generic6DofConstraint.cpp */; };
		240974B47D853CDF03617CD3 /* b3PgsJacobiSolver.cpp in Sources */ = {isa = PBXBuildFile; fileRef = 7C8C6DE0235667D6392C16D9 /* b3PgsJacobiSolver.cpp */; };
		6AD5062B10D6662050CA05E0 /* b3Point2PointConstraint.cpp in Sources */ = {isa = PBXBuildFile; fileRef = 0FA6034F61CD6FA0246E6F5F /* b3Point2PointConstraint.cpp */; };
		1AD672073EBF0AD413CC5C22 /* b3TypedConstraint.cpp in Sources */ = {isa = PBXBuildFile; fileRef = 687C5D937A0E4604456D779B /* b3TypedConstraint.cpp */; };
		286B3BF97C2F105554DA4583 /* b3CpuRigidBodyPipeline.cpp in Sources */ = {isa = PBXBuildFile; fileRef = 39173E28456B25C3386D1717 /* b3CpuRigidBodyPipeline.cpp */; };
/* End PBXBuildFile section */

/* Begin PBXFileReference section */
		1DD2521D092E3FC75A29549E /* b3ContactSolverInfo.h */ = {isa = PBXFileReference; lastKnownFileType = sourcecode.c.h; name = "b3ContactSolverInfo.h"; path = "../../src/Bullet3Dynamics/ConstraintSolver/b3ContactSolverInfo.h"; sourceTree = "<group>"; };
		769B4B50052B05703808513A /* b3FixedConstraint.cpp */ = {isa = PBXFileReference; lastKnownFileType = sourcecode.cpp.cpp; name = "b3FixedConstraint.cpp"; path = "../../src/Bullet3Dynamics/ConstraintSolver/b3FixedConstraint.cpp"; sourceTree = "<group>"; };
		611C115B1AB641B826E875E4 /* b3FixedConstraint.h */ = {isa = PBXFileReference; lastKnownFileType = sourcecode.c.h; name = "b3FixedConstraint.h"; path = "../../src/Bullet3Dynamics/ConstraintSolver/b3FixedConstraint.h"; sourceTree = "<group>"; };
		51FC1902746D3A82546F0305 /* b3Generic6DofConstraint.cpp */ = {isa = PBXFileReference; lastKnownFileType = sourcecode.cpp.cpp; name = "b3Generic6DofConstraint.cpp"; path = "../../src/Bullet3Dynamics/ConstraintSolver/b3Generic6DofConstraint.cpp"; sourceTree = "<group>"; };
		7F4A00CB119A16D1270A3DBE /* b3Generic6DofConstraint.h */ = {isa = PBXFileReference; lastKnownFileType = sourcecode.c.h; name = "b3Generic6DofConstraint.h"; path = "../../src/Bullet3Dynamics/ConstraintSolver/b3Generic6DofConstraint.h"; sourceTree = "<group>"; };
		1A5346EC5C792C3431EF7D61 /* b3JacobianEntry.h */ = {isa = PBXFileReference; lastKnownFileType = sourcecode.c.h; name = "b3JacobianEntry.h"; path = "../../src/Bullet3Dynamics/ConstraintSolver/b3JacobianEntry.h"; sourceTree = "<group>"; };
		7C8C6DE0235667D6392C16D9 /* b3PgsJacobiSolver.cpp */ = {isa = PBXFileReference; lastKnownFileType = sourcecode.cpp.cpp; name = "b3PgsJacobiSolver.cpp"; path = "../../src/Bullet3Dynamics/ConstraintSolver/b3PgsJacobiSolver.cpp"; sourceTree = "<group>"; };
		371431EF5C6263537FA15125 /* b3PgsJacobiSolver.h */ = {isa = PBXFileReference; lastKnownFileType = sourcecode.c.h; name = "b3PgsJacobiSolver.h"; path = "../../src/Bullet3Dynamics/ConstraintSolver/b3PgsJacobiSolver.h"; sourceTree = "<group>"; };
		0FA6034F61CD6FA0246E6F5F /* b3Point2PointConstraint.cpp */ = {isa = PBXFileReference; lastKnownFileType = sourcecode.cpp.cpp; name = "b3Point2PointConstraint.cpp"; path = "../../src/Bullet3Dynamics/ConstraintSolver/b3Point2PointConstraint.cpp"; sourceTree = "<group>"; };
		3C4A3A8A6B75562A100973D0 /* b3Point2PointConstraint.h */ = {isa = PBXFileReference; lastKnownFileType = sourcecode.c.h; name = "b3Point2PointConstraint.h"; path = "../../src/Bullet3Dynamics/ConstraintSolver/b3Point2PointConstraint.h"; sourceTree = "<group>"; };
		76932DE92E8937BA179E27BF /* b3SolverBody.h */ = {isa = PBXFileReference; lastKnownFileType = sourcecode.c.h; name = "b3SolverBody.h"; path = "../../src/Bullet3Dynamics/ConstraintSolver/b3SolverBody.h"; sourceTree = "<group>"; };
		6DF5759F508E3D4248B44C41 /* b3SolverConstraint.h */ = {isa = PBXFileReference; lastKnownFileType = sourcecode.c.h; name = "b3SolverConstraint.h"; path = "../../src/Bullet3Dynamics/ConstraintSolver/b3SolverConstraint.h"; sourceTree = "<group>"; };
		687C5D937A0E4604456D779B /* b3TypedConstraint.cpp */ = {isa = PBXFileReference; lastKnownFileType = sourcecode.cpp.cpp; name = "b3TypedConstraint.cpp"; path = "../../src/Bullet3Dynamics/ConstraintSolver/b3TypedConstraint.cpp"; sourceTree = "<group>"; };
		4B695E8E724D4DA71CDE6DCF /* b3TypedConstraint.h */ = {isa = PBXFileReference; lastKnownFileType = sourcecode.c.h; name = "b3TypedConstraint.h"; path = "../../src/Bullet3Dynamics/ConstraintSolver/b3TypedConstraint.h"; sourceTree = "<group>"; };
		39173E28456B25C3386D1717 /* b3CpuRigidBodyPipeline.cpp */ = {isa = PBXFileReference; lastKnownFileType = sourcecode.cpp.cpp; name = "b3CpuRigidBodyPipeline.cpp"; path = "../../src/Bullet3Dynamics/b3CpuRigidBodyPipeline.cpp"; sourceTree = "<group>"; };
		463C0D3D31BB143D6F5D4EEB /* b3CpuRigidBodyPipeline.h */ = {isa = PBXFileReference; lastKnownFileType = sourcecode.c.h; name = "b3CpuRigidBodyPipeline.h"; path = "../../src/Bullet3Dynamics/b3CpuRigidBodyPipeline.h"; sourceTree = "<group>"; };
		79F612CD09116E5478673D6D /* b3ContactConstraint4.h */ = {isa = PBXFileReference; lastKnownFileType = sourcecode.c.h; name = "b3ContactConstraint4.h"; path = "../../src/Bullet3Dynamics/shared/b3ContactConstraint4.h"; sourceTree = "<group>"; };
		47174C1E72D93F4815180609 /* b3ConvertConstraint4.h */ = {isa = PBXFileReference; lastKnownFileType = sourcecode.c.h; name = "b3ConvertConstraint4.h"; path = "../../src/Bullet3Dynamics/shared/b3ConvertConstraint4.h"; sourceTree = "<group>"; };
		4BEA0E5F16391F253AD73363 /* b3Inertia.h */ = {isa = PBXFileReference; lastKnownFileType = sourcecode.c.h; name = "b3Inertia.h"; path = "../../src/Bullet3Dynamics/shared/b3Inertia.h"; sourceTree = "<group>"; };
		449F44DC4CC3338450AE7014 /* b3IntegrateTransforms.h */ = {isa = PBXFileReference; lastKnownFileType = sourcecode.c.h; name = "b3IntegrateTransforms.h"; path = "../../src/Bullet3Dynamics/shared/b3IntegrateTransforms.h"; sourceTree = "<group>"; };
		085B20EF46E254D51BDB4C0E /* libBullet3Dynamics_xcode4_x64_release.a */ = {isa = PBXFileReference; explicitFileType = archive.ar; includeInIndex = 0; name = "libBullet3Dynamics_xcode4_x64_release.a"; path = "libBullet3Dynamics_xcode4_x64_release.a"; sourceTree = BUILT_PRODUCTS_DIR; };
/* End PBXFileReference section */

/* Begin PBXFrameworksBuildPhase section */
		761C695977835C4C313B2658 /* Frameworks */ = {
			isa = PBXFrameworksBuildPhase;
			buildActionMask = 2147483647;
			files = (
			);
			runOnlyForDeploymentPostprocessing = 0;
		};
/* End PBXFrameworksBuildPhase section */

/* Begin PBXGroup section */
		18072E8B4BAF651418DB5310 /* Bullet3Dynamics */ = {
			isa = PBXGroup;
			children = (
				4121033E63DE15EB7A961BF0 /* src */,
				31A827345A962F612C235C78 /* Products */,
			);
			name = "Bullet3Dynamics";
			sourceTree = "<group>";
		};
		4121033E63DE15EB7A961BF0 /* src */ = {
			isa = PBXGroup;
			children = (
				3A19564767025A370086679B /* Bullet3Dynamics */,
			);
			name = "src";
			sourceTree = "<group>";
		};
		3A19564767025A370086679B /* Bullet3Dynamics */ = {
			isa = PBXGroup;
			children = (
				7C323DA205723E2E5D3815F9 /* ConstraintSolver */,
				39173E28456B25C3386D1717 /* b3CpuRigidBodyPipeline.cpp */,
				463C0D3D31BB143D6F5D4EEB /* b3CpuRigidBodyPipeline.h */,
				40E05C0E3EE35E811E7B3935 /* shared */,
			);
			name = "Bullet3Dynamics";
			sourceTree = "<group>";
		};
		7C323DA205723E2E5D3815F9 /* ConstraintSolver */ = {
			isa = PBXGroup;
			children = (
				1DD2521D092E3FC75A29549E /* b3ContactSolverInfo.h */,
				769B4B50052B05703808513A /* b3FixedConstraint.cpp */,
				611C115B1AB641B826E875E4 /* b3FixedConstraint.h */,
				51FC1902746D3A82546F0305 /* b3Generic6DofConstraint.cpp */,
				7F4A00CB119A16D1270A3DBE /* b3Generic6DofConstraint.h */,
				1A5346EC5C792C3431EF7D61 /* b3JacobianEntry.h */,
				7C8C6DE0235667D6392C16D9 /* b3PgsJacobiSolver.cpp */,
				371431EF5C6263537FA15125 /* b3PgsJacobiSolver.h */,
				0FA6034F61CD6FA0246E6F5F /* b3Point2PointConstraint.cpp */,
				3C4A3A8A6B75562A100973D0 /* b3Point2PointConstraint.h */,
				76932DE92E8937BA179E27BF /* b3SolverBody.h */,
				6DF5759F508E3D4248B44C41 /* b3SolverConstraint.h */,
				687C5D937A0E4604456D779B /* b3TypedConstraint.cpp */,
				4B695E8E724D4DA71CDE6DCF /* b3TypedConstraint.h */,
			);
			name = "ConstraintSolver";
			sourceTree = "<group>";
		};
		40E05C0E3EE35E811E7B3935 /* shared */ = {
			isa = PBXGroup;
			children = (
				79F612CD09116E5478673D6D /* b3ContactConstraint4.h */,
				47174C1E72D93F4815180609 /* b3ConvertConstraint4.h */,
				4BEA0E5F16391F253AD73363 /* b3Inertia.h */,
				449F44DC4CC3338450AE7014 /* b3IntegrateTransforms.h */,
			);
			name = "shared";
			sourceTree = "<group>";
		};
		31A827345A962F612C235C78 /* Products */ = {
			isa = PBXGroup;
			children = (
				085B20EF46E254D51BDB4C0E /* libBullet3Dynamics_xcode4_x64_release.a */,
			);
			name = "Products";
			sourceTree = "<group>";
		};
/* End PBXGroup section */

/* Begin PBXNativeTarget section */
		2B521BAC3F80276D19F26098 /* Bullet3Dynamics */ = {
			isa = PBXNativeTarget;
			buildConfigurationList = 015E6ACA25E10BF45D9C4A66 /* Build configuration list for PBXNativeTarget "Bullet3Dynamics" */;
			buildPhases = (
				177B187F3B6A681A2E745E47 /* Resources */,
				32DD5C8A7A54399B056F460E /* Sources */,
				761C695977835C4C313B2658 /* Frameworks */,
			);
			buildRules = (
			);
			dependencies = (
			);
			name = "Bullet3Dynamics";
			productName = "Bullet3Dynamics";
			productReference = 085B20EF46E254D51BDB4C0E /* libBullet3Dynamics_xcode4_x64_release.a */;
			productType = "com.apple.product-type.library.static";
		};
/* End PBXNativeTarget section */

/* Begin PBXProject section */
		08FB7793FE84155DC02AAC07 /* Project object */ = {
			isa = PBXProject;
			buildConfigurationList = 1DEB928908733DD80010E9CD /* Build configuration list for PBXProject "Bullet3Dynamics" */;
			compatibilityVersion = "Xcode 3.2";
			hasScannedForEncodings = 1;
			mainGroup = 18072E8B4BAF651418DB5310 /* Bullet3Dynamics */;
			projectDirPath = "";
			projectRoot = "";
			targets = (
				2B521BAC3F80276D19F26098 /* libBullet3Dynamics_xcode4_x64_release.a */,
			);
		};
/* End PBXProject section */

/* Begin PBXResourcesBuildPhase section */
		177B187F3B6A681A2E745E47 /* Resources */ = {
			isa = PBXResourcesBuildPhase;
			buildActionMask = 2147483647;
			files = (
			);
			runOnlyForDeploymentPostprocessing = 0;
		};
/* End PBXResourcesBuildPhase section */

/* Begin PBXSourcesBuildPhase section */
		32DD5C8A7A54399B056F460E /* Sources */ = {
			isa = PBXSourcesBuildPhase;
			buildActionMask = 2147483647;
			files = (
				68C76D1D28213BA7667F4DF4 /* b3FixedConstraint.cpp in Sources */,
				3D655B136E6131AD135D662E /* b3Generic6DofConstraint.cpp in Sources */,
				240974B47D853CDF03617CD3 /* b3PgsJacobiSolver.cpp in Sources */,
				6AD5062B10D6662050CA05E0 /* b3Point2PointConstraint.cpp in Sources */,
				1AD672073EBF0AD413CC5C22 /* b3TypedConstraint.cpp in Sources */,
				286B3BF97C2F105554DA4583 /* b3CpuRigidBodyPipeline.cpp in Sources */,
			);
			runOnlyForDeploymentPostprocessing = 0;
		};
/* End PBXSourcesBuildPhase section */

/* Begin PBXVariantGroup section */
/* End PBXVariantGroup section */

/* Begin XCBuildConfiguration section */
		39A73AD055894EEB44270E2F /* Release */ = {
			isa = XCBuildConfiguration;
			buildSettings = {
				ARCHS = "$(ARCHS_STANDARD_32_BIT) $(ARCHS_STANDARD_64_BIT)";
				VALID_ARCHS = "x86_64 i386";
				ALWAYS_SEARCH_USER_PATHS = NO;
				DEBUG_INFORMATION_FORMAT = "dwarf-with-dsym";
				CONFIGURATION_BUILD_DIR = "../../bin";
				GCC_DYNAMIC_NO_PIC = NO;
				GCC_MODEL_TUNING = G5;
				INSTALL_PATH = /usr/local/lib;
				PRODUCT_NAME = "Bullet3Dynamics_xcode4_x64_release";
			};
			name = "Release";
		};
		5D4516AB613501503CAC5B79 /* Debug */ = {
			isa = XCBuildConfiguration;
			buildSettings = {
				ARCHS = "$(ARCHS_STANDARD_32_BIT) $(ARCHS_STANDARD_64_BIT)";
				VALID_ARCHS = "x86_64 i386";
				ALWAYS_SEARCH_USER_PATHS = NO;
				CONFIGURATION_BUILD_DIR = "../../bin";
				GCC_DYNAMIC_NO_PIC = NO;
				GCC_MODEL_TUNING = G5;
				INSTALL_PATH = /usr/local/lib;
				PRODUCT_NAME = "Bullet3Dynamics_xcode4_x64_debug";
			};
			name = "Debug";
		};
		6A7D388539EC70D270FF3235 /* Release */ = {
			isa = XCBuildConfiguration;
			buildSettings = {
				ARCHS = "$(ARCHS_STANDARD_32_BIT) $(ARCHS_STANDARD_64_BIT)";
				VALID_ARCHS = "x86_64 i386";
				SDKROOT = macosx;
				ARCHS = "x86_64";
				CONFIGURATION_BUILD_DIR = "$(SYMROOT)";
				CONFIGURATION_TEMP_DIR = "$(OBJROOT)";
				GCC_C_LANGUAGE_STANDARD = gnu99;
				GCC_OPTIMIZATION_LEVEL = s;
				GCC_SYMBOLS_PRIVATE_EXTERN = NO;
				GCC_WARN_ABOUT_RETURN_TYPE = YES;
				GCC_WARN_UNUSED_VARIABLE = YES;
				HEADER_SEARCH_PATHS = (
					"../../src",
				);
				OBJROOT = "obj/x64/Release/Bullet3Dynamics";
				ONLY_ACTIVE_ARCH = NO;
				OTHER_CFLAGS = (
					"-ffast-math",
				);
				STANDARD_C_PLUS_PLUS_LIBRARY_TYPE = static;
				SYMROOT = "../../bin";
			};
			name = "Release";
		};
		6970563215321E28108668F8 /* Debug */ = {
			isa = XCBuildConfiguration;
			buildSettings = {
				ARCHS = "$(ARCHS_STANDARD_32_BIT) $(ARCHS_STANDARD_64_BIT)";
				VALID_ARCHS = "x86_64 i386";
				SDKROOT = macosx;
				ARCHS = "x86_64";
				CONFIGURATION_BUILD_DIR = "$(SYMROOT)";
				CONFIGURATION_TEMP_DIR = "$(OBJROOT)";
				COPY_PHASE_STRIP = NO;
				GCC_C_LANGUAGE_STANDARD = gnu99;
				GCC_OPTIMIZATION_LEVEL = 0;
				GCC_PREPROCESSOR_DEFINITIONS = (
					"_DEBUG=1",
				);
				GCC_SYMBOLS_PRIVATE_EXTERN = NO;
				GCC_WARN_ABOUT_RETURN_TYPE = YES;
				GCC_WARN_UNUSED_VARIABLE = YES;
				HEADER_SEARCH_PATHS = (
					"../../src",
				);
				OBJROOT = "obj/x64/Debug/Bullet3Dynamics";
				ONLY_ACTIVE_ARCH = YES;
				OTHER_CFLAGS = (
					"-ffast-math",
				);
				STANDARD_C_PLUS_PLUS_LIBRARY_TYPE = static;
				SYMROOT = "../../bin";
			};
			name = "Debug";
		};
/* End XCBuildConfiguration section */

/* Begin XCConfigurationList section */
		015E6ACA25E10BF45D9C4A66 /* Build configuration list for PBXNativeTarget "libBullet3Dynamics_xcode4_x64_release.a" */ = {
			isa = XCConfigurationList;
			buildConfigurations = (
				39A73AD055894EEB44270E2F /* Release */,
				5D4516AB613501503CAC5B79 /* Debug */,
			);
			defaultConfigurationIsVisible = 0;
			defaultConfigurationName = "Release";
		};
		1DEB928908733DD80010E9CD /* Build configuration list for PBXProject "Bullet3Dynamics" */ = {
			isa = XCConfigurationList;
			buildConfigurations = (
				6A7D388539EC70D270FF3235 /* Release */,
				6970563215321E28108668F8 /* Debug */,
			);
			defaultConfigurationIsVisible = 0;
			defaultConfigurationName = "Release";
		};
/* End XCConfigurationList section */

	};
	rootObject = 08FB7793FE84155DC02AAC07 /* Project object */;
}
