// !$*UTF8*$!
{
	archiveVersion = 1;
	classes = {
	};
	objectVersion = 45;
	objects = {

/* Begin PBXBuildFile section */
		6F3D25E42B2B25C539212EE0 /* b3BulletFile.cpp in Sources */ = {isa = PBXBuildFile; fileRef = 190530D86FCF389D589D44E6 /* b3BulletFile.cpp */; };
		77EE35FE5E5F60A7171977E1 /* b3Chunk.cpp in Sources */ = {isa = PBXBuildFile; fileRef = 3CD16B55379B541C27EC1DF0 /* b3Chunk.cpp */; };
		095E0777563548B259F041AF /* b3DNA.cpp in Sources */ = {isa = PBXBuildFile; fileRef = 7D4F08BB4761675508963DBA /* b3DNA.cpp */; };
		3EDC149D683E4E2A588F2EC0 /* b3File.cpp in Sources */ = {isa = PBXBuildFile; fileRef = 024457B2086D609B61D567CC /* b3File.cpp */; };
		3D4F1DFC124C3F54639440A6 /* b3Serializer.cpp in Sources */ = {isa = PBXBuildFile; fileRef = 457102F274795FF159793D86 /* b3Serializer.cpp */; };
/* End PBXBuildFile section */

/* Begin PBXFileReference section */
		4E3B35042B0C3F65125C1234 /* bullet2.h */ = {isa = PBXFileReference; lastKnownFileType = sourcecode.c.h; name = "bullet2.h"; path = "../../src/Bullet3Serialize/Bullet2FileLoader/autogenerated/bullet2.h"; sourceTree = "<group>"; };
		190530D86FCF389D589D44E6 /* b3BulletFile.cpp */ = {isa = PBXFileReference; lastKnownFileType = sourcecode.cpp.cpp; name = "b3BulletFile.cpp"; path = "../../src/Bullet3Serialize/Bullet2FileLoader/b3BulletFile.cpp"; sourceTree = "<group>"; };
		7A1B0AF45AA858555622011D /* b3BulletFile.h */ = {isa = PBXFileReference; lastKnownFileType = sourcecode.c.h; name = "b3BulletFile.h"; path = "../../src/Bullet3Serialize/Bullet2FileLoader/b3BulletFile.h"; sourceTree = "<group>"; };
		3CD16B55379B541C27EC1DF0 /* b3Chunk.cpp */ = {isa = PBXFileReference; lastKnownFileType = sourcecode.cpp.cpp; name = "b3Chunk.cpp"; path = "../../src/Bullet3Serialize/Bullet2FileLoader/b3Chunk.cpp"; sourceTree = "<group>"; };
		05E04ACC20C6614D315F1057 /* b3Chunk.h */ = {isa = PBXFileReference; lastKnownFileType = sourcecode.c.h; name = "b3Chunk.h"; path = "../../src/Bullet3Serialize/Bullet2FileLoader/b3Chunk.h"; sourceTree = "<group>"; };
		538E16F87FD3209D5C9156CC /* b3Common.h */ = {isa = PBXFileReference; lastKnownFileType = sourcecode.c.h; name = "b3Common.h"; path = "../../src/Bullet3Serialize/Bullet2FileLoader/b3Common.h"; sourceTree = "<group>"; };
		7D4F08BB4761675508963DBA /* b3DNA.cpp */ = {isa = PBXFileReference; lastKnownFileType = sourcecode.cpp.cpp; name = "b3DNA.cpp"; path = "../../src/Bullet3Serialize/Bullet2FileLoader/b3DNA.cpp"; sourceTree = "<group>"; };
		4AEB46B52C591DED3E181EE5 /* b3DNA.h */ = {isa = PBXFileReference; lastKnownFileType = sourcecode.c.h; name = "b3DNA.h"; path = "../../src/Bullet3Serialize/Bullet2FileLoader/b3DNA.h"; sourceTree = "<group>"; };
		549478F810743CC6785B36B2 /* b3Defines.h */ = {isa = PBXFileReference; lastKnownFileType = sourcecode.c.h; name = "b3Defines.h"; path = "../../src/Bullet3Serialize/Bullet2FileLoader/b3Defines.h"; sourceTree = "<group>"; };
		024457B2086D609B61D567CC /* b3File.cpp */ = {isa = PBXFileReference; lastKnownFileType = sourcecode.cpp.cpp; name = "b3File.cpp"; path = "../../src/Bullet3Serialize/Bullet2FileLoader/b3File.cpp"; sourceTree = "<group>"; };
		7E5654B363747FEC188D0A72 /* b3File.h */ = {isa = PBXFileReference; lastKnownFileType = sourcecode.c.h; name = "b3File.h"; path = "../../src/Bullet3Serialize/Bullet2FileLoader/b3File.h"; sourceTree = "<group>"; };
		457102F274795FF159793D86 /* b3Serializer.cpp */ = {isa = PBXFileReference; lastKnownFileType = sourcecode.cpp.cpp; name = "b3Serializer.cpp"; path = "../../src/Bullet3Serialize/Bullet2FileLoader/b3Serializer.cpp"; sourceTree = "<group>"; };
		60CD4C083FB53C563A3573BE /* b3Serializer.h */ = {isa = PBXFileReference; lastKnownFileType = sourcecode.c.h; name = "b3Serializer.h"; path = "../../src/Bullet3Serialize/Bullet2FileLoader/b3Serializer.h"; sourceTree = "<group>"; };
		48E8379C234451C051005BF7 /* libBullet2FileLoader_xcode4_x64_release.a */ = {isa = PBXFileReference; explicitFileType = archive.ar; includeInIndex = 0; name = "libBullet2FileLoader_xcode4_x64_release.a"; path = "libBullet2FileLoader_xcode4_x64_release.a"; sourceTree = BUILT_PRODUCTS_DIR; };
/* End PBXFileReference section */

/* Begin PBXFrameworksBuildPhase section */
		1EBF43350DB0394B124507E9 /* Frameworks */ = {
			isa = PBXFrameworksBuildPhase;
			buildActionMask = 2147483647;
			files = (
			);
			runOnlyForDeploymentPostprocessing = 0;
		};
/* End PBXFrameworksBuildPhase section */

/* Begin PBXGroup section */
		77481D7572A9708566A709F9 /* Bullet2FileLoader */ = {
			isa = PBXGroup;
			children = (
				550B754B1B7D58A40FD92A03 /* src */,
				67A101DF0D24390A7110652C /* Products */,
			);
			name = "Bullet2FileLoader";
			sourceTree = "<group>";
		};
		550B754B1B7D58A40FD92A03 /* src */ = {
			isa = PBXGroup;
			children = (
				674F32191B187C29257356BB /* Bullet3Serialize */,
			);
			name = "src";
			sourceTree = "<group>";
		};
		674F32191B187C29257356BB /* Bullet3Serialize */ = {
			isa = PBXGroup;
			children = (
				4A8B0567484E068067BC22E8 /* Bullet2FileLoader */,
			);
			name = "Bullet3Serialize";
			sourceTree = "<group>";
		};
		4A8B0567484E068067BC22E8 /* Bullet2FileLoader */ = {
			isa = PBXGroup;
			children = (
				52921C5D58C9125F41B373F6 /* autogenerated */,
				190530D86FCF389D589D44E6 /* b3BulletFile.cpp */,
				7A1B0AF45AA858555622011D /* b3BulletFile.h */,
				3CD16B55379B541C27EC1DF0 /* b3Chunk.cpp */,
				05E04ACC20C6614D315F1057 /* b3Chunk.h */,
				538E16F87FD3209D5C9156CC /* b3Common.h */,
				7D4F08BB4761675508963DBA /* b3DNA.cpp */,
				4AEB46B52C591DED3E181EE5 /* b3DNA.h */,
				549478F810743CC6785B36B2 /* b3Defines.h */,
				024457B2086D609B61D567CC /* b3File.cpp */,
				7E5654B363747FEC188D0A72 /* b3File.h */,
				457102F274795FF159793D86 /* b3Serializer.cpp */,
				60CD4C083FB53C563A3573BE /* b3Serializer.h */,
			);
			name = "Bullet2FileLoader";
			sourceTree = "<group>";
		};
		52921C5D58C9125F41B373F6 /* autogenerated */ = {
			isa = PBXGroup;
			children = (
				4E3B35042B0C3F65125C1234 /* bullet2.h */,
			);
			name = "autogenerated";
			sourceTree = "<group>";
		};
		67A101DF0D24390A7110652C /* Products */ = {
			isa = PBXGroup;
			children = (
				48E8379C234451C051005BF7 /* libBullet2FileLoader_xcode4_x64_release.a */,
			);
			name = "Products";
			sourceTree = "<group>";
		};
/* End PBXGroup section */

/* Begin PBXNativeTarget section */
		3F044A0A781E7FA46E6F6F68 /* Bullet2FileLoader */ = {
			isa = PBXNativeTarget;
			buildConfigurationList = 557503176F5C1C6B68C4348B /* Build configuration list for PBXNativeTarget "Bullet2FileLoader" */;
			buildPhases = (
				32CB3CC15CBD7CC907D93F48 /* Resources */,
				117E73EF57222C8367AA52D5 /* Sources */,
				1EBF43350DB0394B124507E9 /* Frameworks */,
			);
			buildRules = (
			);
			dependencies = (
			);
			name = "Bullet2FileLoader";
			productName = "Bullet2FileLoader";
			productReference = 48E8379C234451C051005BF7 /* libBullet2FileLoader_xcode4_x64_release.a */;
			productType = "com.apple.product-type.library.static";
		};
/* End PBXNativeTarget section */

/* Begin PBXProject section */
		08FB7793FE84155DC02AAC07 /* Project object */ = {
			isa = PBXProject;
			buildConfigurationList = 1DEB928908733DD80010E9CD /* Build configuration list for PBXProject "Bullet2FileLoader" */;
			compatibilityVersion = "Xcode 3.2";
			hasScannedForEncodings = 1;
			mainGroup = 77481D7572A9708566A709F9 /* Bullet2FileLoader */;
			projectDirPath = "";
			projectRoot = "";
			targets = (
				3F044A0A781E7FA46E6F6F68 /* libBullet2FileLoader_xcode4_x64_release.a */,
			);
		};
/* End PBXProject section */

/* Begin PBXResourcesBuildPhase section */
		32CB3CC15CBD7CC907D93F48 /* Resources */ = {
			isa = PBXResourcesBuildPhase;
			buildActionMask = 2147483647;
			files = (
			);
			runOnlyForDeploymentPostprocessing = 0;
		};
/* End PBXResourcesBuildPhase section */

/* Begin PBXSourcesBuildPhase section */
		117E73EF57222C8367AA52D5 /* Sources */ = {
			isa = PBXSourcesBuildPhase;
			buildActionMask = 2147483647;
			files = (
				6F3D25E42B2B25C539212EE0 /* b3BulletFile.cpp in Sources */,
				77EE35FE5E5F60A7171977E1 /* b3Chunk.cpp in Sources */,
				095E0777563548B259F041AF /* b3DNA.cpp in Sources */,
				3EDC149D683E4E2A588F2EC0 /* b3File.cpp in Sources */,
				3D4F1DFC124C3F54639440A6 /* b3Serializer.cpp in Sources */,
			);
			runOnlyForDeploymentPostprocessing = 0;
		};
/* End PBXSourcesBuildPhase section */

/* Begin PBXVariantGroup section */
/* End PBXVariantGroup section */

/* Begin XCBuildConfiguration section */
		0AB919D90FE4609D14E63A11 /* Release */ = {
			isa = XCBuildConfiguration;
			buildSettings = {
				ARCHS = "$(ARCHS_STANDARD_32_BIT) $(ARCHS_STANDARD_64_BIT)";
				VALID_ARCHS = "x86_64 i386";
				ALWAYS_SEARCH_USER_PATHS = NO;
				DEBUG_INFORMATION_FORMAT = "dwarf-with-dsym";
				CONFIGURATION_BUILD_DIR = "../../bin";
				GCC_DYNAMIC_NO_PIC = NO;
				GCC_MODEL_TUNING = G5;
				INSTALL_PATH = /usr/local/lib;
				PRODUCT_NAME = "Bullet2FileLoader_xcode4_x64_release";
			};
			name = "Release";
		};
		4A007171452A5B7D7466752F /* Debug */ = {
			isa = XCBuildConfiguration;
			buildSettings = {
				ARCHS = "$(ARCHS_STANDARD_32_BIT) $(ARCHS_STANDARD_64_BIT)";
				VALID_ARCHS = "x86_64 i386";
				ALWAYS_SEARCH_USER_PATHS = NO;
				CONFIGURATION_BUILD_DIR = "../../bin";
				GCC_DYNAMIC_NO_PIC = NO;
				GCC_MODEL_TUNING = G5;
				INSTALL_PATH = /usr/local/lib;
				PRODUCT_NAME = "Bullet2FileLoader_xcode4_x64_debug";
			};
			name = "Debug";
		};
		3A11650C03060067016C6543 /* Release */ = {
			isa = XCBuildConfiguration;
			buildSettings = {
				ARCHS = "$(ARCHS_STANDARD_32_BIT) $(ARCHS_STANDARD_64_BIT)";
				VALID_ARCHS = "x86_64 i386";
				SDKROOT = macosx;
				ARCHS = "x86_64";
				CONFIGURATION_BUILD_DIR = "$(SYMROOT)";
				CONFIGURATION_TEMP_DIR = "$(OBJROOT)";
				GCC_C_LANGUAGE_STANDARD = gnu99;
				GCC_OPTIMIZATION_LEVEL = s;
				GCC_SYMBOLS_PRIVATE_EXTERN = NO;
				GCC_WARN_ABOUT_RETURN_TYPE = YES;
				GCC_WARN_UNUSED_VARIABLE = YES;
				HEADER_SEARCH_PATHS = (
					"../../src",
				);
				OBJROOT = "obj/x64/Release/Bullet2FileLoader";
				ONLY_ACTIVE_ARCH = NO;
				OTHER_CFLAGS = (
					"-ffast-math",
				);
				STANDARD_C_PLUS_PLUS_LIBRARY_TYPE = static;
				SYMROOT = "../../bin";
			};
			name = "Release";
		};
		75567EF91A32686901B75507 /* Debug */ = {
			isa = XCBuildConfiguration;
			buildSettings = {
				ARCHS = "$(ARCHS_STANDARD_32_BIT) $(ARCHS_STANDARD_64_BIT)";
				VALID_ARCHS = "x86_64 i386";
				SDKROOT = macosx;
				ARCHS = "x86_64";
				CONFIGURATION_BUILD_DIR = "$(SYMROOT)";
				CONFIGURATION_TEMP_DIR = "$(OBJROOT)";
				COPY_PHASE_STRIP = NO;
				GCC_C_LANGUAGE_STANDARD = gnu99;
				GCC_OPTIMIZATION_LEVEL = 0;
				GCC_PREPROCESSOR_DEFINITIONS = (
					"_DEBUG=1",
				);
				GCC_SYMBOLS_PRIVATE_EXTERN = NO;
				GCC_WARN_ABOUT_RETURN_TYPE = YES;
				GCC_WARN_UNUSED_VARIABLE = YES;
				HEADER_SEARCH_PATHS = (
					"../../src",
				);
				OBJROOT = "obj/x64/Debug/Bullet2FileLoader";
				ONLY_ACTIVE_ARCH = YES;
				OTHER_CFLAGS = (
					"-ffast-math",
				);
				STANDARD_C_PLUS_PLUS_LIBRARY_TYPE = static;
				SYMROOT = "../../bin";
			};
			name = "Debug";
		};
/* End XCBuildConfiguration section */

/* Begin XCConfigurationList section */
		557503176F5C1C6B68C4348B /* Build configuration list for PBXNativeTarget "libBullet2FileLoader_xcode4_x64_release.a" */ = {
			isa = XCConfigurationList;
			buildConfigurations = (
				0AB919D90FE4609D14E63A11 /* Release */,
				4A007171452A5B7D7466752F /* Debug */,
			);
			defaultConfigurationIsVisible = 0;
			defaultConfigurationName = "Release";
		};
		1DEB928908733DD80010E9CD /* Build configuration list for PBXProject "Bullet2FileLoader" */ = {
			isa = XCConfigurationList;
			buildConfigurations = (
				3A11650C03060067016C6543 /* Release */,
				75567EF91A32686901B75507 /* Debug */,
			);
			defaultConfigurationIsVisible = 0;
			defaultConfigurationName = "Release";
		};
/* End XCConfigurationList section */

	};
	rootObject = 08FB7793FE84155DC02AAC07 /* Project object */;
}
