<?xml version="1.0" encoding="utf-8"?>
<Project ToolsVersion="4.0" xmlns="http://schemas.microsoft.com/developer/msbuild/2003">
  <ItemGroup>
    <Filter Include="examples">
      <UniqueIdentifier>{CFCEABD7-11D4-3C42-8C63-B608992FF1A3}</UniqueIdentifier>
    </Filter>
    <Filter Include="examples\HelloWorld">
      <UniqueIdentifier>{3C776B04-1BC0-C84C-B5A3-73C4991ECD9E}</UniqueIdentifier>
    </Filter>
  </ItemGroup>
  <ItemGroup>
    <ClCompile Include="..\..\examples\HelloWorld\HelloWorld.cpp">
      <Filter>examples\HelloWorld</Filter>
    </ClCompile>
  </ItemGroup>
</Project>
