<?xml version="1.0" encoding="utf-8"?>
<Project ToolsVersion="4.0" xmlns="http://schemas.microsoft.com/developer/msbuild/2003">
  <ItemGroup>
    <Filter Include="Extras">
      <UniqueIdentifier>{9386A798-95E6-574B-9C3C-ECC0245C6A7E}</UniqueIdentifier>
    </Filter>
    <Filter Include="Extras\Serialize">
      <UniqueIdentifier>{8245D3A9-412F-4E48-968C-53A12FC65826}</UniqueIdentifier>
    </Filter>
    <Filter Include="Extras\Serialize\BulletXmlWorldImporter">
      <UniqueIdentifier>{F28A96A3-314D-1745-B168-9C5CE52571B7}</UniqueIdentifier>
    </Filter>
  </ItemGroup>
  <ItemGroup>
    <ClInclude Include="..\..\Extras\Serialize\BulletXmlWorldImporter\btBulletXmlWorldImporter.h">
      <Filter>Extras\Serialize\BulletXmlWorldImporter</Filter>
    </ClInclude>
    <ClInclude Include="..\..\Extras\Serialize\BulletXmlWorldImporter\string_split.h">
      <Filter>Extras\Serialize\BulletXmlWorldImporter</Filter>
    </ClInclude>
    <ClInclude Include="..\..\Extras\Serialize\BulletXmlWorldImporter\tinystr.h">
      <Filter>Extras\Serialize\BulletXmlWorldImporter</Filter>
    </ClInclude>
    <ClInclude Include="..\..\Extras\Serialize\BulletXmlWorldImporter\tinyxml.h">
      <Filter>Extras\Serialize\BulletXmlWorldImporter</Filter>
    </ClInclude>
  </ItemGroup>
  <ItemGroup>
    <ClCompile Include="..\..\Extras\Serialize\BulletXmlWorldImporter\btBulletXmlWorldImporter.cpp">
      <Filter>Extras\Serialize\BulletXmlWorldImporter</Filter>
    </ClCompile>
    <ClCompile Include="..\..\Extras\Serialize\BulletXmlWorldImporter\string_split.cpp">
      <Filter>Extras\Serialize\BulletXmlWorldImporter</Filter>
    </ClCompile>
    <ClCompile Include="..\..\Extras\Serialize\BulletXmlWorldImporter\tinystr.cpp">
      <Filter>Extras\Serialize\BulletXmlWorldImporter</Filter>
    </ClCompile>
    <ClCompile Include="..\..\Extras\Serialize\BulletXmlWorldImporter\tinyxml.cpp">
      <Filter>Extras\Serialize\BulletXmlWorldImporter</Filter>
    </ClCompile>
    <ClCompile Include="..\..\Extras\Serialize\BulletXmlWorldImporter\tinyxmlerror.cpp">
      <Filter>Extras\Serialize\BulletXmlWorldImporter</Filter>
    </ClCompile>
    <ClCompile Include="..\..\Extras\Serialize\BulletXmlWorldImporter\tinyxmlparser.cpp">
      <Filter>Extras\Serialize\BulletXmlWorldImporter</Filter>
    </ClCompile>
  </ItemGroup>
</Project>
